// !$*UTF8*$!
{
	archiveVersion = 1;
	classes = {
	};
	objectVersion = 50;
	objects = {

/* Begin PBXBuildFile section */
		A6159C7A263A95A6007AE312 /* TextViewBinding.m in Sources */ = {isa = PBXBuildFile; fileRef = A6159C79263A95A6007AE312 /* TextViewBinding.m */; };
		A648505C26490E3800E72412 /* SZTextView.m in Sources */ = {isa = PBXBuildFile; fileRef = A648505B26490E3800E72412 /* SZTextView.m */; };
		A6522622262D731200576F88 /* User.m in Sources */ = {isa = PBXBuildFile; fileRef = A6522621262D731200576F88 /* User.m */; };
		A69DC393262D160700A4ABF7 /* AppDelegate.m in Sources */ = {isa = PBXBuildFile; fileRef = A69DC392262D160700A4ABF7 /* AppDelegate.m */; };
		A69DC399262D160700A4ABF7 /* ViewController.m in Sources */ = {isa = PBXBuildFile; fileRef = A69DC398262D160700A4ABF7 /* ViewController.m */; };
		A69DC39C262D160700A4ABF7 /* Main.storyboard in Resources */ = {isa = PBXBuildFile; fileRef = A69DC39A262D160700A4ABF7 /* Main.storyboard */; };
		A69DC39E262D160A00A4ABF7 /* Assets.xcassets in Resources */ = {isa = PBXBuildFile; fileRef = A69DC39D262D160A00A4ABF7 /* Assets.xcassets */; };
		A69DC3A1262D160A00A4ABF7 /* LaunchScreen.storyboard in Resources */ = {isa = PBXBuildFile; fileRef = A69DC39F262D160A00A4ABF7 /* LaunchScreen.storyboard */; };
		A69DC3A4262D160A00A4ABF7 /* main.m in Sources */ = {isa = PBXBuildFile; fileRef = A69DC3A3262D160A00A4ABF7 /* main.m */; };
		A69DC40F262D50C800A4ABF7 /* ListViewController.m in Sources */ = {isa = PBXBuildFile; fileRef = A69DC40D262D50C800A4ABF7 /* ListViewController.m */; };
		A69DC410262D50C800A4ABF7 /* ListViewController.xib in Resources */ = {isa = PBXBuildFile; fileRef = A69DC40E262D50C800A4ABF7 /* ListViewController.xib */; };
		A6CA835F264A363900C6E0B6 /* M80AttributedLabelAttachment.m in Sources */ = {isa = PBXBuildFile; fileRef = A6CA8357264A363800C6E0B6 /* M80AttributedLabelAttachment.m */; };
		A6CA8360264A363900C6E0B6 /* M80AttributedLabel.m in Sources */ = {isa = PBXBuildFile; fileRef = A6CA835A264A363800C6E0B6 /* M80AttributedLabel.m */; };
		A6CA8361264A363900C6E0B6 /* M80AttributedLabelURL.m in Sources */ = {isa = PBXBuildFile; fileRef = A6CA835B264A363800C6E0B6 /* M80AttributedLabelURL.m */; };
		A6CA8362264A363900C6E0B6 /* M80AttributedLabelURLDetector.m in Sources */ = {isa = PBXBuildFile; fileRef = A6CA835D264A363800C6E0B6 /* M80AttributedLabelURLDetector.m */; };
		A6CA8363264A363900C6E0B6 /* NSMutableAttributedString+M80.m in Sources */ = {isa = PBXBuildFile; fileRef = A6CA835E264A363800C6E0B6 /* NSMutableAttributedString+M80.m */; };
		C971A7882633CAC90099608D /* HNWKeyboardMonitor.m in Sources */ = {isa = PBXBuildFile; fileRef = C971A7872633CAC90099608D /* HNWKeyboardMonitor.m */; };
		C9BF91462633E01D005B25DB /* TableViewCell.m in Sources */ = {isa = PBXBuildFile; fileRef = C9BF91442633E01D005B25DB /* TableViewCell.m */; };
		C9BF91472633E01D005B25DB /* TableViewCell.xib in Resources */ = {isa = PBXBuildFile; fileRef = C9BF91452633E01D005B25DB /* TableViewCell.xib */; };
		C9BF914D2633E61F005B25DB /* DataModel.m in Sources */ = {isa = PBXBuildFile; fileRef = C9BF914C2633E61F005B25DB /* DataModel.m */; };
		C9DFE307262F1FEC001FBAAE /* SysTextViewVC.m in Sources */ = {isa = PBXBuildFile; fileRef = C9DFE305262F1FEC001FBAAE /* SysTextViewVC.m */; };
		C9DFE308262F1FEC001FBAAE /* SysTextViewVC.xib in Resources */ = {isa = PBXBuildFile; fileRef = C9DFE306262F1FEC001FBAAE /* SysTextViewVC.xib */; };
/* End PBXBuildFile section */

/* Begin PBXFileReference section */
		A6159C78263A95A6007AE312 /* TextViewBinding.h */ = {isa = PBXFileReference; fileEncoding = 4; lastKnownFileType = sourcecode.c.h; path = TextViewBinding.h; sourceTree = "<group>"; };
		A6159C79263A95A6007AE312 /* TextViewBinding.m */ = {isa = PBXFileReference; fileEncoding = 4; lastKnownFileType = sourcecode.c.objc; path = TextViewBinding.m; sourceTree = "<group>"; };
		A648505A26490E3800E72412 /* SZTextView.h */ = {isa = PBXFileReference; fileEncoding = 4; lastKnownFileType = sourcecode.c.h; path = SZTextView.h; sourceTree = "<group>"; };
		A648505B26490E3800E72412 /* SZTextView.m */ = {isa = PBXFileReference; fileEncoding = 4; lastKnownFileType = sourcecode.c.objc; path = SZTextView.m; sourceTree = "<group>"; };
		A6522620262D731200576F88 /* User.h */ = {isa = PBXFileReference; lastKnownFileType = sourcecode.c.h; path = User.h; sourceTree = "<group>"; };
		A6522621262D731200576F88 /* User.m */ = {isa = PBXFileReference; lastKnownFileType = sourcecode.c.objc; path = User.m; sourceTree = "<group>"; };
		A69DC38E262D160700A4ABF7 /* AtDemo.app */ = {isa = PBXFileReference; explicitFileType = wrapper.application; includeInIndex = 0; path = AtDemo.app; sourceTree = BUILT_PRODUCTS_DIR; };
		A69DC391262D160700A4ABF7 /* AppDelegate.h */ = {isa = PBXFileReference; lastKnownFileType = sourcecode.c.h; path = AppDelegate.h; sourceTree = "<group>"; };
		A69DC392262D160700A4ABF7 /* AppDelegate.m */ = {isa = PBXFileReference; lastKnownFileType = sourcecode.c.objc; path = AppDelegate.m; sourceTree = "<group>"; };
		A69DC397262D160700A4ABF7 /* ViewController.h */ = {isa = PBXFileReference; lastKnownFileType = sourcecode.c.h; path = ViewController.h; sourceTree = "<group>"; };
		A69DC398262D160700A4ABF7 /* ViewController.m */ = {isa = PBXFileReference; lastKnownFileType = sourcecode.c.objc; path = ViewController.m; sourceTree = "<group>"; };
		A69DC39B262D160700A4ABF7 /* Base */ = {isa = PBXFileReference; lastKnownFileType = file.storyboard; name = Base; path = Base.lproj/Main.storyboard; sourceTree = "<group>"; };
		A69DC39D262D160A00A4ABF7 /* Assets.xcassets */ = {isa = PBXFileReference; lastKnownFileType = folder.assetcatalog; path = Assets.xcassets; sourceTree = "<group>"; };
		A69DC3A0262D160A00A4ABF7 /* Base */ = {isa = PBXFileReference; lastKnownFileType = file.storyboard; name = Base; path = Base.lproj/LaunchScreen.storyboard; sourceTree = "<group>"; };
		A69DC3A2262D160A00A4ABF7 /* Info.plist */ = {isa = PBXFileReference; lastKnownFileType = text.plist.xml; path = Info.plist; sourceTree = "<group>"; };
		A69DC3A3262D160A00A4ABF7 /* main.m */ = {isa = PBXFileReference; lastKnownFileType = sourcecode.c.objc; path = main.m; sourceTree = "<group>"; };
		A69DC40C262D50C800A4ABF7 /* ListViewController.h */ = {isa = PBXFileReference; lastKnownFileType = sourcecode.c.h; path = ListViewController.h; sourceTree = "<group>"; };
		A69DC40D262D50C800A4ABF7 /* ListViewController.m */ = {isa = PBXFileReference; lastKnownFileType = sourcecode.c.objc; path = ListViewController.m; sourceTree = "<group>"; };
		A69DC40E262D50C800A4ABF7 /* ListViewController.xib */ = {isa = PBXFileReference; lastKnownFileType = file.xib; path = ListViewController.xib; sourceTree = "<group>"; };
		A6CA8354264A363800C6E0B6 /* M80AttributedLabelDefines.h */ = {isa = PBXFileReference; fileEncoding = 4; lastKnownFileType = sourcecode.c.h; path = M80AttributedLabelDefines.h; sourceTree = "<group>"; };
		A6CA8355264A363800C6E0B6 /* M80AttributedLabelURL.h */ = {isa = PBXFileReference; fileEncoding = 4; lastKnownFileType = sourcecode.c.h; path = M80AttributedLabelURL.h; sourceTree = "<group>"; };
		A6CA8356264A363800C6E0B6 /* M80AttributedLabel.h */ = {isa = PBXFileReference; fileEncoding = 4; lastKnownFileType = sourcecode.c.h; path = M80AttributedLabel.h; sourceTree = "<group>"; };
		A6CA8357264A363800C6E0B6 /* M80AttributedLabelAttachment.m */ = {isa = PBXFileReference; fileEncoding = 4; lastKnownFileType = sourcecode.c.objc; path = M80AttributedLabelAttachment.m; sourceTree = "<group>"; };
		A6CA8358264A363800C6E0B6 /* M80AttributedLabelURLDetector.h */ = {isa = PBXFileReference; fileEncoding = 4; lastKnownFileType = sourcecode.c.h; path = M80AttributedLabelURLDetector.h; sourceTree = "<group>"; };
		A6CA8359264A363800C6E0B6 /* NSMutableAttributedString+M80.h */ = {isa = PBXFileReference; fileEncoding = 4; lastKnownFileType = sourcecode.c.h; path = "NSMutableAttributedString+M80.h"; sourceTree = "<group>"; };
		A6CA835A264A363800C6E0B6 /* M80AttributedLabel.m */ = {isa = PBXFileReference; fileEncoding = 4; lastKnownFileType = sourcecode.c.objc; path = M80AttributedLabel.m; sourceTree = "<group>"; };
		A6CA835B264A363800C6E0B6 /* M80AttributedLabelURL.m */ = {isa = PBXFileReference; fileEncoding = 4; lastKnownFileType = sourcecode.c.objc; path = M80AttributedLabelURL.m; sourceTree = "<group>"; };
		A6CA835C264A363800C6E0B6 /* M80AttributedLabelAttachment.h */ = {isa = PBXFileReference; fileEncoding = 4; lastKnownFileType = sourcecode.c.h; path = M80AttributedLabelAttachment.h; sourceTree = "<group>"; };
		A6CA835D264A363800C6E0B6 /* M80AttributedLabelURLDetector.m */ = {isa = PBXFileReference; fileEncoding = 4; lastKnownFileType = sourcecode.c.objc; path = M80AttributedLabelURLDetector.m; sourceTree = "<group>"; };
		A6CA835E264A363800C6E0B6 /* NSMutableAttributedString+M80.m */ = {isa = PBXFileReference; fileEncoding = 4; lastKnownFileType = sourcecode.c.objc; path = "NSMutableAttributedString+M80.m"; sourceTree = "<group>"; };
		C971A7862633CAC90099608D /* HNWKeyboardMonitor.h */ = {isa = PBXFileReference; fileEncoding = 4; lastKnownFileType = sourcecode.c.h; path = HNWKeyboardMonitor.h; sourceTree = "<group>"; };
		C971A7872633CAC90099608D /* HNWKeyboardMonitor.m */ = {isa = PBXFileReference; fileEncoding = 4; lastKnownFileType = sourcecode.c.objc; path = HNWKeyboardMonitor.m; sourceTree = "<group>"; };
		C9BF91432633E01D005B25DB /* TableViewCell.h */ = {isa = PBXFileReference; lastKnownFileType = sourcecode.c.h; path = TableViewCell.h; sourceTree = "<group>"; };
		C9BF91442633E01D005B25DB /* TableViewCell.m */ = {isa = PBXFileReference; lastKnownFileType = sourcecode.c.objc; path = TableViewCell.m; sourceTree = "<group>"; };
		C9BF91452633E01D005B25DB /* TableViewCell.xib */ = {isa = PBXFileReference; lastKnownFileType = file.xib; path = TableViewCell.xib; sourceTree = "<group>"; };
		C9BF914B2633E61F005B25DB /* DataModel.h */ = {isa = PBXFileReference; lastKnownFileType = sourcecode.c.h; path = DataModel.h; sourceTree = "<group>"; };
		C9BF914C2633E61F005B25DB /* DataModel.m */ = {isa = PBXFileReference; lastKnownFileType = sourcecode.c.objc; path = DataModel.m; sourceTree = "<group>"; };
		C9DFE304262F1FEC001FBAAE /* SysTextViewVC.h */ = {isa = PBXFileReference; lastKnownFileType = sourcecode.c.h; path = SysTextViewVC.h; sourceTree = "<group>"; };
		C9DFE305262F1FEC001FBAAE /* SysTextViewVC.m */ = {isa = PBXFileReference; lastKnownFileType = sourcecode.c.objc; path = SysTextViewVC.m; sourceTree = "<group>"; };
		C9DFE306262F1FEC001FBAAE /* SysTextViewVC.xib */ = {isa = PBXFileReference; lastKnownFileType = file.xib; path = SysTextViewVC.xib; sourceTree = "<group>"; };
/* End PBXFileReference section */

/* Begin PBXFrameworksBuildPhase section */
		A69DC38B262D160700A4ABF7 /* Frameworks */ = {
			isa = PBXFrameworksBuildPhase;
			buildActionMask = 2147483647;
			files = (
			);
			runOnlyForDeploymentPostprocessing = 0;
		};
/* End PBXFrameworksBuildPhase section */

/* Begin PBXGroup section */
		A6159C7C263A95C3007AE312 /* TextViewBinding */ = {
			isa = PBXGroup;
			children = (
				A6159C78263A95A6007AE312 /* TextViewBinding.h */,
				A6159C79263A95A6007AE312 /* TextViewBinding.m */,
			);
			path = TextViewBinding;
			sourceTree = "<group>";
		};
		A69DC385262D160700A4ABF7 = {
			isa = PBXGroup;
			children = (
				C971A7862633CAC90099608D /* HNWKeyboardMonitor.h */,
				C971A7872633CAC90099608D /* HNWKeyboardMonitor.m */,
				A6CA8353264A363800C6E0B6 /* M80AttributedLabel */,
				A69DC390262D160700A4ABF7 /* AtDemo */,
				A69DC38F262D160700A4ABF7 /* Products */,
			);
			sourceTree = "<group>";
		};
		A69DC38F262D160700A4ABF7 /* Products */ = {
			isa = PBXGroup;
			children = (
				A69DC38E262D160700A4ABF7 /* AtDemo.app */,
			);
			name = Products;
			sourceTree = "<group>";
		};
		A69DC390262D160700A4ABF7 /* AtDemo */ = {
			isa = PBXGroup;
			children = (
				A648505A26490E3800E72412 /* SZTextView.h */,
				A648505B26490E3800E72412 /* SZTextView.m */,
				A69DC391262D160700A4ABF7 /* AppDelegate.h */,
				A69DC392262D160700A4ABF7 /* AppDelegate.m */,
				A69DC397262D160700A4ABF7 /* ViewController.h */,
				A69DC398262D160700A4ABF7 /* ViewController.m */,
				A6159C7C263A95C3007AE312 /* TextViewBinding */,
				C9DFE30D262F20F2001FBAAE /* ListVC */,
				C9DFE30B262F20DB001FBAAE /* SysTextViewVC */,
				A69DC39A262D160700A4ABF7 /* Main.storyboard */,
				A69DC39D262D160A00A4ABF7 /* Assets.xcassets */,
				A69DC39F262D160A00A4ABF7 /* LaunchScreen.storyboard */,
				A69DC3A2262D160A00A4ABF7 /* Info.plist */,
				A69DC3A3262D160A00A4ABF7 /* main.m */,
			);
			path = AtDemo;
			sourceTree = "<group>";
		};
		A6CA8353264A363800C6E0B6 /* M80AttributedLabel */ = {
			isa = PBXGroup;
			children = (
				A6CA8354264A363800C6E0B6 /* M80AttributedLabelDefines.h */,
				A6CA8355264A363800C6E0B6 /* M80AttributedLabelURL.h */,
				A6CA8356264A363800C6E0B6 /* M80AttributedLabel.h */,
				A6CA8357264A363800C6E0B6 /* M80AttributedLabelAttachment.m */,
				A6CA8358264A363800C6E0B6 /* M80AttributedLabelURLDetector.h */,
				A6CA8359264A363800C6E0B6 /* NSMutableAttributedString+M80.h */,
				A6CA835A264A363800C6E0B6 /* M80AttributedLabel.m */,
				A6CA835B264A363800C6E0B6 /* M80AttributedLabelURL.m */,
				A6CA835C264A363800C6E0B6 /* M80AttributedLabelAttachment.h */,
				A6CA835D264A363800C6E0B6 /* M80AttributedLabelURLDetector.m */,
				A6CA835E264A363800C6E0B6 /* NSMutableAttributedString+M80.m */,
			);
			path = M80AttributedLabel;
			sourceTree = "<group>";
		};
		C9BF91422633E008005B25DB /* View */ = {
			isa = PBXGroup;
			children = (
				C9BF91432633E01D005B25DB /* TableViewCell.h */,
				C9BF91442633E01D005B25DB /* TableViewCell.m */,
				C9BF91452633E01D005B25DB /* TableViewCell.xib */,
			);
			path = View;
			sourceTree = "<group>";
		};
		C9BF91492633E608005B25DB /* Model */ = {
			isa = PBXGroup;
			children = (
				C9BF914B2633E61F005B25DB /* DataModel.h */,
				C9BF914C2633E61F005B25DB /* DataModel.m */,
			);
			path = Model;
			sourceTree = "<group>";
		};
		C9DFE30B262F20DB001FBAAE /* SysTextViewVC */ = {
			isa = PBXGroup;
			children = (
				C9BF91492633E608005B25DB /* Model */,
				C9BF91422633E008005B25DB /* View */,
				C9DFE304262F1FEC001FBAAE /* SysTextViewVC.h */,
				C9DFE305262F1FEC001FBAAE /* SysTextViewVC.m */,
				C9DFE306262F1FEC001FBAAE /* SysTextViewVC.xib */,
			);
			path = SysTextViewVC;
			sourceTree = "<group>";
		};
		C9DFE30C262F20E5001FBAAE /* Model */ = {
			isa = PBXGroup;
			children = (
				A6522620262D731200576F88 /* User.h */,
				A6522621262D731200576F88 /* User.m */,
			);
			path = Model;
			sourceTree = "<group>";
		};
		C9DFE30D262F20F2001FBAAE /* ListVC */ = {
			isa = PBXGroup;
			children = (
				C9DFE30C262F20E5001FBAAE /* Model */,
				A69DC40C262D50C800A4ABF7 /* ListViewController.h */,
				A69DC40D262D50C800A4ABF7 /* ListViewController.m */,
				A69DC40E262D50C800A4ABF7 /* ListViewController.xib */,
			);
			path = ListVC;
			sourceTree = "<group>";
		};
/* End PBXGroup section */

/* Begin PBXNativeTarget section */
		A69DC38D262D160700A4ABF7 /* AtDemo */ = {
			isa = PBXNativeTarget;
			buildConfigurationList = A69DC3A7262D160A00A4ABF7 /* Build configuration list for PBXNativeTarget "AtDemo" */;
			buildPhases = (
				A69DC38A262D160700A4ABF7 /* Sources */,
				A69DC38B262D160700A4ABF7 /* Frameworks */,
				A69DC38C262D160700A4ABF7 /* Resources */,
			);
			buildRules = (
			);
			dependencies = (
			);
			name = AtDemo;
			productName = AtDemo;
			productReference = A69DC38E262D160700A4ABF7 /* AtDemo.app */;
			productType = "com.apple.product-type.application";
		};
/* End PBXNativeTarget section */

/* Begin PBXProject section */
		A69DC386262D160700A4ABF7 /* Project object */ = {
			isa = PBXProject;
			attributes = {
				LastUpgradeCheck = 1240;
				TargetAttributes = {
					A69DC38D262D160700A4ABF7 = {
						CreatedOnToolsVersion = 12.4;
					};
				};
			};
			buildConfigurationList = A69DC389262D160700A4ABF7 /* Build configuration list for PBXProject "AtDemo" */;
			compatibilityVersion = "Xcode 9.3";
			developmentRegion = en;
			hasScannedForEncodings = 0;
			knownRegions = (
				en,
				Base,
			);
			mainGroup = A69DC385262D160700A4ABF7;
			productRefGroup = A69DC38F262D160700A4ABF7 /* Products */;
			projectDirPath = "";
			projectRoot = "";
			targets = (
				A69DC38D262D160700A4ABF7 /* AtDemo */,
			);
		};
/* End PBXProject section */

/* Begin PBXResourcesBuildPhase section */
		A69DC38C262D160700A4ABF7 /* Resources */ = {
			isa = PBXResourcesBuildPhase;
			buildActionMask = 2147483647;
			files = (
				A69DC3A1262D160A00A4ABF7 /* LaunchScreen.storyboard in Resources */,
				C9DFE308262F1FEC001FBAAE /* SysTextViewVC.xib in Resources */,
				A69DC39E262D160A00A4ABF7 /* Assets.xcassets in Resources */,
				C9BF91472633E01D005B25DB /* TableViewCell.xib in Resources */,
				A69DC410262D50C800A4ABF7 /* ListViewController.xib in Resources */,
				A69DC39C262D160700A4ABF7 /* Main.storyboard in Resources */,
			);
			runOnlyForDeploymentPostprocessing = 0;
		};
/* End PBXResourcesBuildPhase section */

/* Begin PBXSourcesBuildPhase section */
		A69DC38A262D160700A4ABF7 /* Sources */ = {
			isa = PBXSourcesBuildPhase;
			buildActionMask = 2147483647;
			files = (
				A6522622262D731200576F88 /* User.m in Sources */,
				A6CA8360264A363900C6E0B6 /* M80AttributedLabel.m in Sources */,
				A6CA8363264A363900C6E0B6 /* NSMutableAttributedString+M80.m in Sources */,
				C9DFE307262F1FEC001FBAAE /* SysTextViewVC.m in Sources */,
				A69DC399262D160700A4ABF7 /* ViewController.m in Sources */,
				A6159C7A263A95A6007AE312 /* TextViewBinding.m in Sources */,
				A648505C26490E3800E72412 /* SZTextView.m in Sources */,
				A6CA8361264A363900C6E0B6 /* M80AttributedLabelURL.m in Sources */,
				C9BF914D2633E61F005B25DB /* DataModel.m in Sources */,
				A69DC393262D160700A4ABF7 /* AppDelegate.m in Sources */,
				A6CA8362264A363900C6E0B6 /* M80AttributedLabelURLDetector.m in Sources */,
				C971A7882633CAC90099608D /* HNWKeyboardMonitor.m in Sources */,
				A69DC40F262D50C800A4ABF7 /* ListViewController.m in Sources */,
				C9BF91462633E01D005B25DB /* TableViewCell.m in Sources */,
				A6CA835F264A363900C6E0B6 /* M80AttributedLabelAttachment.m in Sources */,
				A69DC3A4262D160A00A4ABF7 /* main.m in Sources */,
			);
			runOnlyForDeploymentPostprocessing = 0;
		};
/* End PBXSourcesBuildPhase section */

/* Begin PBXVariantGroup section */
		A69DC39A262D160700A4ABF7 /* Main.storyboard */ = {
			isa = PBXVariantGroup;
			children = (
				A69DC39B262D160700A4ABF7 /* Base */,
			);
			name = Main.storyboard;
			sourceTree = "<group>";
		};
		A69DC39F262D160A00A4ABF7 /* LaunchScreen.storyboard */ = {
			isa = PBXVariantGroup;
			children = (
				A69DC3A0262D160A00A4ABF7 /* Base */,
			);
			name = LaunchScreen.storyboard;
			sourceTree = "<group>";
		};
/* End PBXVariantGroup section */

/* Begin XCBuildConfiguration section */
		A69DC3A5262D160A00A4ABF7 /* Debug */ = {
			isa = XCBuildConfiguration;
			buildSettings = {
				ALWAYS_SEARCH_USER_PATHS = NO;
				CLANG_ANALYZER_NONNULL = YES;
				CLANG_ANALYZER_NUMBER_OBJECT_CONVERSION = YES_AGGRESSIVE;
				CLANG_CXX_LANGUAGE_STANDARD = "gnu++14";
				CLANG_CXX_LIBRARY = "libc++";
				CLANG_ENABLE_MODULES = YES;
				CLANG_ENABLE_OBJC_ARC = YES;
				CLANG_ENABLE_OBJC_WEAK = YES;
				CLANG_WARN_BLOCK_CAPTURE_AUTORELEASING = YES;
				CLANG_WARN_BOOL_CONVERSION = YES;
				CLANG_WARN_COMMA = YES;
				CLANG_WARN_CONSTANT_CONVERSION = YES;
				CLANG_WARN_DEPRECATED_OBJC_IMPLEMENTATIONS = YES;
				CLANG_WARN_DIRECT_OBJC_ISA_USAGE = YES_ERROR;
				CLANG_WARN_DOCUMENTATION_COMMENTS = YES;
				CLANG_WARN_EMPTY_BODY = YES;
				CLANG_WARN_ENUM_CONVERSION = YES;
				CLANG_WARN_INFINITE_RECURSION = YES;
				CLANG_WARN_INT_CONVERSION = YES;
				CLANG_WARN_NON_LITERAL_NULL_CONVERSION = YES;
				CLANG_WARN_OBJC_IMPLICIT_RETAIN_SELF = YES;
				CLANG_WARN_OBJC_LITERAL_CONVERSION = YES;
				CLANG_WARN_OBJC_ROOT_CLASS = YES_ERROR;
				CLANG_WARN_QUOTED_INCLUDE_IN_FRAMEWORK_HEADER = YES;
				CLANG_WARN_RANGE_LOOP_ANALYSIS = YES;
				CLANG_WARN_STRICT_PROTOTYPES = YES;
				CLANG_WARN_SUSPICIOUS_MOVE = YES;
				CLANG_WARN_UNGUARDED_AVAILABILITY = YES_AGGRESSIVE;
				CLANG_WARN_UNREACHABLE_CODE = YES;
				CLANG_WARN__DUPLICATE_METHOD_MATCH = YES;
				COPY_PHASE_STRIP = NO;
				DEBUG_INFORMATION_FORMAT = dwarf;
				ENABLE_STRICT_OBJC_MSGSEND = YES;
				ENABLE_TESTABILITY = YES;
				GCC_C_LANGUAGE_STANDARD = gnu11;
				GCC_DYNAMIC_NO_PIC = NO;
				GCC_NO_COMMON_BLOCKS = YES;
				GCC_OPTIMIZATION_LEVEL = 0;
				GCC_PREPROCESSOR_DEFINITIONS = (
					"DEBUG=1",
					"$(inherited)",
				);
				GCC_WARN_64_TO_32_BIT_CONVERSION = YES;
				GCC_WARN_ABOUT_RETURN_TYPE = YES_ERROR;
				GCC_WARN_UNDECLARED_SELECTOR = YES;
				GCC_WARN_UNINITIALIZED_AUTOS = YES_AGGRESSIVE;
				GCC_WARN_UNUSED_FUNCTION = YES;
				GCC_WARN_UNUSED_VARIABLE = YES;
				IPHONEOS_DEPLOYMENT_TARGET = 14.4;
				MTL_ENABLE_DEBUG_INFO = INCLUDE_SOURCE;
				MTL_FAST_MATH = YES;
				ONLY_ACTIVE_ARCH = YES;
				SDKROOT = iphoneos;
			};
			name = Debug;
		};
		A69DC3A6262D160A00A4ABF7 /* Release */ = {
			isa = XCBuildConfiguration;
			buildSettings = {
				ALWAYS_SEARCH_USER_PATHS = NO;
				CLANG_ANALYZER_NONNULL = YES;
				CLANG_ANALYZER_NUMBER_OBJECT_CONVERSION = YES_AGGRESSIVE;
				CLANG_CXX_LANGUAGE_STANDARD = "gnu++14";
				CLANG_CXX_LIBRARY = "libc++";
				CLANG_ENABLE_MODULES = YES;
				CLANG_ENABLE_OBJC_ARC = YES;
				CLANG_ENABLE_OBJC_WEAK = YES;
				CLANG_WARN_BLOCK_CAPTURE_AUTORELEASING = YES;
				CLANG_WARN_BOOL_CONVERSION = YES;
				CLANG_WARN_COMMA = YES;
				CLANG_WARN_CONSTANT_CONVERSION = YES;
				CLANG_WARN_DEPRECATED_OBJC_IMPLEMENTATIONS = YES;
				CLANG_WARN_DIRECT_OBJC_ISA_USAGE = YES_ERROR;
				CLANG_WARN_DOCUMENTATION_COMMENTS = YES;
				CLANG_WARN_EMPTY_BODY = YES;
				CLANG_WARN_ENUM_CONVERSION = YES;
				CLANG_WARN_INFINITE_RECURSION = YES;
				CLANG_WARN_INT_CONVERSION = YES;
				CLANG_WARN_NON_LITERAL_NULL_CONVERSION = YES;
				CLANG_WARN_OBJC_IMPLICIT_RETAIN_SELF = YES;
				CLANG_WARN_OBJC_LITERAL_CONVERSION = YES;
				CLANG_WARN_OBJC_ROOT_CLASS = YES_ERROR;
				CLANG_WARN_QUOTED_INCLUDE_IN_FRAMEWORK_HEADER = YES;
				CLANG_WARN_RANGE_LOOP_ANALYSIS = YES;
				CLANG_WARN_STRICT_PROTOTYPES = YES;
				CLANG_WARN_SUSPICIOUS_MOVE = YES;
				CLANG_WARN_UNGUARDED_AVAILABILITY = YES_AGGRESSIVE;
				CLANG_WARN_UNREACHABLE_CODE = YES;
				CLANG_WARN__DUPLICATE_METHOD_MATCH = YES;
				COPY_PHASE_STRIP = NO;
				DEBUG_INFORMATION_FORMAT = "dwarf-with-dsym";
				ENABLE_NS_ASSERTIONS = NO;
				ENABLE_STRICT_OBJC_MSGSEND = YES;
				GCC_C_LANGUAGE_STANDARD = gnu11;
				GCC_NO_COMMON_BLOCKS = YES;
				GCC_WARN_64_TO_32_BIT_CONVERSION = YES;
				GCC_WARN_ABOUT_RETURN_TYPE = YES_ERROR;
				GCC_WARN_UNDECLARED_SELECTOR = YES;
				GCC_WARN_UNINITIALIZED_AUTOS = YES_AGGRESSIVE;
				GCC_WARN_UNUSED_FUNCTION = YES;
				GCC_WARN_UNUSED_VARIABLE = YES;
				IPHONEOS_DEPLOYMENT_TARGET = 14.4;
				MTL_ENABLE_DEBUG_INFO = NO;
				MTL_FAST_MATH = YES;
				SDKROOT = iphoneos;
				VALIDATE_PRODUCT = YES;
			};
			name = Release;
		};
		A69DC3A8262D160A00A4ABF7 /* Debug */ = {
			isa = XCBuildConfiguration;
			buildSettings = {
				ASSETCATALOG_COMPILER_APPICON_NAME = AppIcon;
				ASSETCATALOG_COMPILER_GLOBAL_ACCENT_COLOR_NAME = AccentColor;
				CODE_SIGN_STYLE = Automatic;
				INFOPLIST_FILE = AtDemo/Info.plist;
				IPHONEOS_DEPLOYMENT_TARGET = 9.0;
				LD_RUNPATH_SEARCH_PATHS = (
					"$(inherited)",
					"@executable_path/Frameworks",
				);
				PRODUCT_BUNDLE_IDENTIFIER = com.cnhnb.AtDemo;
				PRODUCT_NAME = "$(TARGET_NAME)";
				TARGETED_DEVICE_FAMILY = "1,2";
			};
			name = Debug;
		};
		A69DC3A9262D160A00A4ABF7 /* Release */ = {
			isa = XCBuildConfiguration;
			buildSettings = {
				ASSETCATALOG_COMPILER_APPICON_NAME = AppIcon;
				ASSETCATALOG_COMPILER_GLOBAL_ACCENT_COLOR_NAME = AccentColor;
				CODE_SIGN_STYLE = Automatic;
				INFOPLIST_FILE = AtDemo/Info.plist;
				IPHONEOS_DEPLOYMENT_TARGET = 9.0;
				LD_RUNPATH_SEARCH_PATHS = (
					"$(inherited)",
					"@executable_path/Frameworks",
				);
				PRODUCT_BUNDLE_IDENTIFIER = com.cnhnb.AtDemo;
				PRODUCT_NAME = "$(TARGET_NAME)";
				TARGETED_DEVICE_FAMILY = "1,2";
			};
			name = Release;
		};
/* End XCBuildConfiguration section */

/* Begin XCConfigurationList section */
		A69DC389262D160700A4ABF7 /* Build configuration list for PBXProject "AtDemo" */ = {
			isa = XCConfigurationList;
			buildConfigurations = (
				A69DC3A5262D160A00A4ABF7 /* Debug */,
				A69DC3A6262D160A00A4ABF7 /* Release */,
			);
			defaultConfigurationIsVisible = 0;
			defaultConfigurationName = Release;
		};
		A69DC3A7262D160A00A4ABF7 /* Build configuration list for PBXNativeTarget "AtDemo" */ = {
			isa = XCConfigurationList;
			buildConfigurations = (
				A69DC3A8262D160A00A4ABF7 /* Debug */,
				A69DC3A9262D160A00A4ABF7 /* Release */,
			);
			defaultConfigurationIsVisible = 0;
			defaultConfigurationName = Release;
		};
/* End XCConfigurationList section */
	};
	rootObject = A69DC386262D160700A4ABF7 /* Project object */;
}
