// !$*UTF8*$!
{
	archiveVersion = 1;
	classes = {
	};
	objectVersion = 50;
	objects = {

/* Begin PBXBuildFile section */
		A6159C7A263A95A6007AE312 /* ATTextViewBinding.m in Sources */ = {isa = PBXBuildFile; fileRef = A6159C79263A95A6007AE312 /* ATTextViewBinding.m */; };
		A626901D2658AA1400843209 /* TableViewOCCell.xib in Resources */ = {isa = PBXBuildFile; fileRef = A626901C2658AA1400843209 /* TableViewOCCell.xib */; };
		A6522622262D731200576F88 /* User.m in Sources */ = {isa = PBXBuildFile; fileRef = A6522621262D731200576F88 /* User.m */; };
		A652BF12264B5DD9002F1904 /* YYTextView.m in Sources */ = {isa = PBXBuildFile; fileRef = A652BEDF264B5DD9002F1904 /* YYTextView.m */; };
		A652BF13264B5DD9002F1904 /* YYTextMagnifier.m in Sources */ = {isa = PBXBuildFile; fileRef = A652BEE3264B5DD9002F1904 /* YYTextMagnifier.m */; };
		A652BF14264B5DD9002F1904 /* YYTextContainerView.m in Sources */ = {isa = PBXBuildFile; fileRef = A652BEE6264B5DD9002F1904 /* YYTextContainerView.m */; };
		A652BF15264B5DD9002F1904 /* YYTextEffectWindow.m in Sources */ = {isa = PBXBuildFile; fileRef = A652BEE7264B5DD9002F1904 /* YYTextEffectWindow.m */; };
		A652BF16264B5DD9002F1904 /* YYTextInput.m in Sources */ = {isa = PBXBuildFile; fileRef = A652BEE9264B5DD9002F1904 /* YYTextInput.m */; };
		A652BF17264B5DD9002F1904 /* YYTextLayout.m in Sources */ = {isa = PBXBuildFile; fileRef = A652BEEA264B5DD9002F1904 /* YYTextLayout.m */; };
		A652BF18264B5DD9002F1904 /* YYTextLine.m in Sources */ = {isa = PBXBuildFile; fileRef = A652BEEC264B5DD9002F1904 /* YYTextLine.m */; };
		A652BF19264B5DD9002F1904 /* YYTextSelectionView.m in Sources */ = {isa = PBXBuildFile; fileRef = A652BEED264B5DD9002F1904 /* YYTextSelectionView.m */; };
		A652BF1A264B5DD9002F1904 /* YYTextKeyboardManager.m in Sources */ = {isa = PBXBuildFile; fileRef = A652BEF0264B5DD9002F1904 /* YYTextKeyboardManager.m */; };
		A652BF1B264B5DD9002F1904 /* YYTextDebugOption.m in Sources */ = {isa = PBXBuildFile; fileRef = A652BEF2264B5DD9002F1904 /* YYTextDebugOption.m */; };
		A652BF1C264B5DD9002F1904 /* YYLabel.m in Sources */ = {isa = PBXBuildFile; fileRef = A652BEF3264B5DD9002F1904 /* YYLabel.m */; };
		A652BF1D264B5DD9002F1904 /* YYTextRunDelegate.m in Sources */ = {isa = PBXBuildFile; fileRef = A652BEF7264B5DD9002F1904 /* YYTextRunDelegate.m */; };
		A652BF1E264B5DD9002F1904 /* YYTextParser.m in Sources */ = {isa = PBXBuildFile; fileRef = A652BEF8264B5DD9002F1904 /* YYTextParser.m */; };
		A652BF1F264B5DD9002F1904 /* YYTextAttribute.m in Sources */ = {isa = PBXBuildFile; fileRef = A652BEFC264B5DD9002F1904 /* YYTextAttribute.m */; };
		A652BF20264B5DD9002F1904 /* YYTextArchiver.m in Sources */ = {isa = PBXBuildFile; fileRef = A652BEFE264B5DD9002F1904 /* YYTextArchiver.m */; };
		A652BF21264B5DD9002F1904 /* YYTextRubyAnnotation.m in Sources */ = {isa = PBXBuildFile; fileRef = A652BEFF264B5DD9002F1904 /* YYTextRubyAnnotation.m */; };
		A652BF22264B5DD9002F1904 /* YYTextUtilities.m in Sources */ = {isa = PBXBuildFile; fileRef = A652BF02264B5DD9002F1904 /* YYTextUtilities.m */; };
		A652BF23264B5DD9002F1904 /* NSParagraphStyle+YYText.m in Sources */ = {isa = PBXBuildFile; fileRef = A652BF03264B5DD9002F1904 /* NSParagraphStyle+YYText.m */; };
		A652BF24264B5DD9002F1904 /* NSAttributedString+YYText.m in Sources */ = {isa = PBXBuildFile; fileRef = A652BF04264B5DD9002F1904 /* NSAttributedString+YYText.m */; };
		A652BF25264B5DD9002F1904 /* UIPasteboard+YYText.m in Sources */ = {isa = PBXBuildFile; fileRef = A652BF07264B5DD9002F1904 /* UIPasteboard+YYText.m */; };
		A652BF26264B5DD9002F1904 /* YYTextTransaction.m in Sources */ = {isa = PBXBuildFile; fileRef = A652BF0B264B5DD9002F1904 /* YYTextTransaction.m */; };
		A652BF27264B5DD9002F1904 /* UIView+YYText.m in Sources */ = {isa = PBXBuildFile; fileRef = A652BF0C264B5DD9002F1904 /* UIView+YYText.m */; };
		A652BF28264B5DD9002F1904 /* YYTextAsyncLayer.m in Sources */ = {isa = PBXBuildFile; fileRef = A652BF0F264B5DD9002F1904 /* YYTextAsyncLayer.m */; };
		A652BF29264B5DD9002F1904 /* YYTextWeakProxy.m in Sources */ = {isa = PBXBuildFile; fileRef = A652BF10264B5DD9002F1904 /* YYTextWeakProxy.m */; };
		A69DC393262D160700A4ABF7 /* AppDelegate.m in Sources */ = {isa = PBXBuildFile; fileRef = A69DC392262D160700A4ABF7 /* AppDelegate.m */; };
		A69DC399262D160700A4ABF7 /* ViewController.m in Sources */ = {isa = PBXBuildFile; fileRef = A69DC398262D160700A4ABF7 /* ViewController.m */; };
		A69DC39C262D160700A4ABF7 /* Main.storyboard in Resources */ = {isa = PBXBuildFile; fileRef = A69DC39A262D160700A4ABF7 /* Main.storyboard */; };
		A69DC39E262D160A00A4ABF7 /* Assets.xcassets in Resources */ = {isa = PBXBuildFile; fileRef = A69DC39D262D160A00A4ABF7 /* Assets.xcassets */; };
		A69DC3A1262D160A00A4ABF7 /* LaunchScreen.storyboard in Resources */ = {isa = PBXBuildFile; fileRef = A69DC39F262D160A00A4ABF7 /* LaunchScreen.storyboard */; };
		A69DC3A4262D160A00A4ABF7 /* main.m in Sources */ = {isa = PBXBuildFile; fileRef = A69DC3A3262D160A00A4ABF7 /* main.m */; };
		A69DC40F262D50C800A4ABF7 /* ListViewController.m in Sources */ = {isa = PBXBuildFile; fileRef = A69DC40D262D50C800A4ABF7 /* ListViewController.m */; };
		A69DC410262D50C800A4ABF7 /* ListViewController.xib in Resources */ = {isa = PBXBuildFile; fileRef = A69DC40E262D50C800A4ABF7 /* ListViewController.xib */; };
		C971A7882633CAC90099608D /* HNWKeyboardMonitor.m in Sources */ = {isa = PBXBuildFile; fileRef = C971A7872633CAC90099608D /* HNWKeyboardMonitor.m */; };
		C9807CAB264C01EA00AB55F8 /* ATTextView.m in Sources */ = {isa = PBXBuildFile; fileRef = C9807CAA264C01EA00AB55F8 /* ATTextView.m */; };
		C9BF91462633E01D005B25DB /* TableViewOCCell.m in Sources */ = {isa = PBXBuildFile; fileRef = C9BF91442633E01D005B25DB /* TableViewOCCell.m */; };
		C9BF914D2633E61F005B25DB /* DataModel.m in Sources */ = {isa = PBXBuildFile; fileRef = C9BF914C2633E61F005B25DB /* DataModel.m */; };
/* End PBXBuildFile section */

/* Begin PBXFileReference section */
		A6159C78263A95A6007AE312 /* ATTextViewBinding.h */ = {isa = PBXFileReference; fileEncoding = 4; lastKnownFileType = sourcecode.c.h; path = ATTextViewBinding.h; sourceTree = "<group>"; };
		A6159C79263A95A6007AE312 /* ATTextViewBinding.m */ = {isa = PBXFileReference; fileEncoding = 4; lastKnownFileType = sourcecode.c.objc; path = ATTextViewBinding.m; sourceTree = "<group>"; };
		A626901C2658AA1400843209 /* TableViewOCCell.xib */ = {isa = PBXFileReference; fileEncoding = 4; lastKnownFileType = file.xib; path = TableViewOCCell.xib; sourceTree = "<group>"; };
		A6522620262D731200576F88 /* User.h */ = {isa = PBXFileReference; lastKnownFileType = sourcecode.c.h; path = User.h; sourceTree = "<group>"; };
		A6522621262D731200576F88 /* User.m */ = {isa = PBXFileReference; lastKnownFileType = sourcecode.c.objc; path = User.m; sourceTree = "<group>"; };
		A652BEDE264B5DD9002F1904 /* YYText.h */ = {isa = PBXFileReference; fileEncoding = 4; lastKnownFileType = sourcecode.c.h; path = YYText.h; sourceTree = "<group>"; };
		A652BEDF264B5DD9002F1904 /* YYTextView.m */ = {isa = PBXFileReference; fileEncoding = 4; lastKnownFileType = sourcecode.c.objc; path = YYTextView.m; sourceTree = "<group>"; };
		A652BEE1264B5DD9002F1904 /* YYTextSelectionView.h */ = {isa = PBXFileReference; fileEncoding = 4; lastKnownFileType = sourcecode.c.h; path = YYTextSelectionView.h; sourceTree = "<group>"; };
		A652BEE2264B5DD9002F1904 /* YYTextLine.h */ = {isa = PBXFileReference; fileEncoding = 4; lastKnownFileType = sourcecode.c.h; path = YYTextLine.h; sourceTree = "<group>"; };
		A652BEE3264B5DD9002F1904 /* YYTextMagnifier.m */ = {isa = PBXFileReference; fileEncoding = 4; lastKnownFileType = sourcecode.c.objc; path = YYTextMagnifier.m; sourceTree = "<group>"; };
		A652BEE4264B5DD9002F1904 /* YYTextLayout.h */ = {isa = PBXFileReference; fileEncoding = 4; lastKnownFileType = sourcecode.c.h; path = YYTextLayout.h; sourceTree = "<group>"; };
		A652BEE5264B5DD9002F1904 /* YYTextKeyboardManager.h */ = {isa = PBXFileReference; fileEncoding = 4; lastKnownFileType = sourcecode.c.h; path = YYTextKeyboardManager.h; sourceTree = "<group>"; };
		A652BEE6264B5DD9002F1904 /* YYTextContainerView.m */ = {isa = PBXFileReference; fileEncoding = 4; lastKnownFileType = sourcecode.c.objc; path = YYTextContainerView.m; sourceTree = "<group>"; };
		A652BEE7264B5DD9002F1904 /* YYTextEffectWindow.m */ = {isa = PBXFileReference; fileEncoding = 4; lastKnownFileType = sourcecode.c.objc; path = YYTextEffectWindow.m; sourceTree = "<group>"; };
		A652BEE8264B5DD9002F1904 /* YYTextDebugOption.h */ = {isa = PBXFileReference; fileEncoding = 4; lastKnownFileType = sourcecode.c.h; path = YYTextDebugOption.h; sourceTree = "<group>"; };
		A652BEE9264B5DD9002F1904 /* YYTextInput.m */ = {isa = PBXFileReference; fileEncoding = 4; lastKnownFileType = sourcecode.c.objc; path = YYTextInput.m; sourceTree = "<group>"; };
		A652BEEA264B5DD9002F1904 /* YYTextLayout.m */ = {isa = PBXFileReference; fileEncoding = 4; lastKnownFileType = sourcecode.c.objc; path = YYTextLayout.m; sourceTree = "<group>"; };
		A652BEEB264B5DD9002F1904 /* YYTextMagnifier.h */ = {isa = PBXFileReference; fileEncoding = 4; lastKnownFileType = sourcecode.c.h; path = YYTextMagnifier.h; sourceTree = "<group>"; };
		A652BEEC264B5DD9002F1904 /* YYTextLine.m */ = {isa = PBXFileReference; fileEncoding = 4; lastKnownFileType = sourcecode.c.objc; path = YYTextLine.m; sourceTree = "<group>"; };
		A652BEED264B5DD9002F1904 /* YYTextSelectionView.m */ = {isa = PBXFileReference; fileEncoding = 4; lastKnownFileType = sourcecode.c.objc; path = YYTextSelectionView.m; sourceTree = "<group>"; };
		A652BEEE264B5DD9002F1904 /* YYTextEffectWindow.h */ = {isa = PBXFileReference; fileEncoding = 4; lastKnownFileType = sourcecode.c.h; path = YYTextEffectWindow.h; sourceTree = "<group>"; };
		A652BEEF264B5DD9002F1904 /* YYTextContainerView.h */ = {isa = PBXFileReference; fileEncoding = 4; lastKnownFileType = sourcecode.c.h; path = YYTextContainerView.h; sourceTree = "<group>"; };
		A652BEF0264B5DD9002F1904 /* YYTextKeyboardManager.m */ = {isa = PBXFileReference; fileEncoding = 4; lastKnownFileType = sourcecode.c.objc; path = YYTextKeyboardManager.m; sourceTree = "<group>"; };
		A652BEF1264B5DD9002F1904 /* YYTextInput.h */ = {isa = PBXFileReference; fileEncoding = 4; lastKnownFileType = sourcecode.c.h; path = YYTextInput.h; sourceTree = "<group>"; };
		A652BEF2264B5DD9002F1904 /* YYTextDebugOption.m */ = {isa = PBXFileReference; fileEncoding = 4; lastKnownFileType = sourcecode.c.objc; path = YYTextDebugOption.m; sourceTree = "<group>"; };
		A652BEF3264B5DD9002F1904 /* YYLabel.m */ = {isa = PBXFileReference; fileEncoding = 4; lastKnownFileType = sourcecode.c.objc; path = YYLabel.m; sourceTree = "<group>"; };
		A652BEF4264B5DD9002F1904 /* YYTextView.h */ = {isa = PBXFileReference; fileEncoding = 4; lastKnownFileType = sourcecode.c.h; path = YYTextView.h; sourceTree = "<group>"; };
		A652BEF6264B5DD9002F1904 /* YYTextAttribute.h */ = {isa = PBXFileReference; fileEncoding = 4; lastKnownFileType = sourcecode.c.h; path = YYTextAttribute.h; sourceTree = "<group>"; };
		A652BEF7264B5DD9002F1904 /* YYTextRunDelegate.m */ = {isa = PBXFileReference; fileEncoding = 4; lastKnownFileType = sourcecode.c.objc; path = YYTextRunDelegate.m; sourceTree = "<group>"; };
		A652BEF8264B5DD9002F1904 /* YYTextParser.m */ = {isa = PBXFileReference; fileEncoding = 4; lastKnownFileType = sourcecode.c.objc; path = YYTextParser.m; sourceTree = "<group>"; };
		A652BEF9264B5DD9002F1904 /* YYTextRubyAnnotation.h */ = {isa = PBXFileReference; fileEncoding = 4; lastKnownFileType = sourcecode.c.h; path = YYTextRubyAnnotation.h; sourceTree = "<group>"; };
		A652BEFA264B5DD9002F1904 /* YYTextArchiver.h */ = {isa = PBXFileReference; fileEncoding = 4; lastKnownFileType = sourcecode.c.h; path = YYTextArchiver.h; sourceTree = "<group>"; };
		A652BEFB264B5DD9002F1904 /* YYTextRunDelegate.h */ = {isa = PBXFileReference; fileEncoding = 4; lastKnownFileType = sourcecode.c.h; path = YYTextRunDelegate.h; sourceTree = "<group>"; };
		A652BEFC264B5DD9002F1904 /* YYTextAttribute.m */ = {isa = PBXFileReference; fileEncoding = 4; lastKnownFileType = sourcecode.c.objc; path = YYTextAttribute.m; sourceTree = "<group>"; };
		A652BEFD264B5DD9002F1904 /* YYTextParser.h */ = {isa = PBXFileReference; fileEncoding = 4; lastKnownFileType = sourcecode.c.h; path = YYTextParser.h; sourceTree = "<group>"; };
		A652BEFE264B5DD9002F1904 /* YYTextArchiver.m */ = {isa = PBXFileReference; fileEncoding = 4; lastKnownFileType = sourcecode.c.objc; path = YYTextArchiver.m; sourceTree = "<group>"; };
		A652BEFF264B5DD9002F1904 /* YYTextRubyAnnotation.m */ = {isa = PBXFileReference; fileEncoding = 4; lastKnownFileType = sourcecode.c.objc; path = YYTextRubyAnnotation.m; sourceTree = "<group>"; };
		A652BF00264B5DD9002F1904 /* YYLabel.h */ = {isa = PBXFileReference; fileEncoding = 4; lastKnownFileType = sourcecode.c.h; path = YYLabel.h; sourceTree = "<group>"; };
		A652BF02264B5DD9002F1904 /* YYTextUtilities.m */ = {isa = PBXFileReference; fileEncoding = 4; lastKnownFileType = sourcecode.c.objc; path = YYTextUtilities.m; sourceTree = "<group>"; };
		A652BF03264B5DD9002F1904 /* NSParagraphStyle+YYText.m */ = {isa = PBXFileReference; fileEncoding = 4; lastKnownFileType = sourcecode.c.objc; path = "NSParagraphStyle+YYText.m"; sourceTree = "<group>"; };
		A652BF04264B5DD9002F1904 /* NSAttributedString+YYText.m */ = {isa = PBXFileReference; fileEncoding = 4; lastKnownFileType = sourcecode.c.objc; path = "NSAttributedString+YYText.m"; sourceTree = "<group>"; };
		A652BF05264B5DD9002F1904 /* UIView+YYText.h */ = {isa = PBXFileReference; fileEncoding = 4; lastKnownFileType = sourcecode.c.h; path = "UIView+YYText.h"; sourceTree = "<group>"; };
		A652BF06264B5DD9002F1904 /* YYTextTransaction.h */ = {isa = PBXFileReference; fileEncoding = 4; lastKnownFileType = sourcecode.c.h; path = YYTextTransaction.h; sourceTree = "<group>"; };
		A652BF07264B5DD9002F1904 /* UIPasteboard+YYText.m */ = {isa = PBXFileReference; fileEncoding = 4; lastKnownFileType = sourcecode.c.objc; path = "UIPasteboard+YYText.m"; sourceTree = "<group>"; };
		A652BF08264B5DD9002F1904 /* YYTextWeakProxy.h */ = {isa = PBXFileReference; fileEncoding = 4; lastKnownFileType = sourcecode.c.h; path = YYTextWeakProxy.h; sourceTree = "<group>"; };
		A652BF09264B5DD9002F1904 /* YYTextAsyncLayer.h */ = {isa = PBXFileReference; fileEncoding = 4; lastKnownFileType = sourcecode.c.h; path = YYTextAsyncLayer.h; sourceTree = "<group>"; };
		A652BF0A264B5DD9002F1904 /* YYTextUtilities.h */ = {isa = PBXFileReference; fileEncoding = 4; lastKnownFileType = sourcecode.c.h; path = YYTextUtilities.h; sourceTree = "<group>"; };
		A652BF0B264B5DD9002F1904 /* YYTextTransaction.m */ = {isa = PBXFileReference; fileEncoding = 4; lastKnownFileType = sourcecode.c.objc; path = YYTextTransaction.m; sourceTree = "<group>"; };
		A652BF0C264B5DD9002F1904 /* UIView+YYText.m */ = {isa = PBXFileReference; fileEncoding = 4; lastKnownFileType = sourcecode.c.objc; path = "UIView+YYText.m"; sourceTree = "<group>"; };
		A652BF0D264B5DD9002F1904 /* NSAttributedString+YYText.h */ = {isa = PBXFileReference; fileEncoding = 4; lastKnownFileType = sourcecode.c.h; path = "NSAttributedString+YYText.h"; sourceTree = "<group>"; };
		A652BF0E264B5DD9002F1904 /* NSParagraphStyle+YYText.h */ = {isa = PBXFileReference; fileEncoding = 4; lastKnownFileType = sourcecode.c.h; path = "NSParagraphStyle+YYText.h"; sourceTree = "<group>"; };
		A652BF0F264B5DD9002F1904 /* YYTextAsyncLayer.m */ = {isa = PBXFileReference; fileEncoding = 4; lastKnownFileType = sourcecode.c.objc; path = YYTextAsyncLayer.m; sourceTree = "<group>"; };
		A652BF10264B5DD9002F1904 /* YYTextWeakProxy.m */ = {isa = PBXFileReference; fileEncoding = 4; lastKnownFileType = sourcecode.c.objc; path = YYTextWeakProxy.m; sourceTree = "<group>"; };
		A652BF11264B5DD9002F1904 /* UIPasteboard+YYText.h */ = {isa = PBXFileReference; fileEncoding = 4; lastKnownFileType = sourcecode.c.h; path = "UIPasteboard+YYText.h"; sourceTree = "<group>"; };
		A69DC38E262D160700A4ABF7 /* AtDemo(OC).app */ = {isa = PBXFileReference; explicitFileType = wrapper.application; includeInIndex = 0; path = "AtDemo(OC).app"; sourceTree = BUILT_PRODUCTS_DIR; };
		A69DC391262D160700A4ABF7 /* AppDelegate.h */ = {isa = PBXFileReference; lastKnownFileType = sourcecode.c.h; path = AppDelegate.h; sourceTree = "<group>"; };
		A69DC392262D160700A4ABF7 /* AppDelegate.m */ = {isa = PBXFileReference; lastKnownFileType = sourcecode.c.objc; path = AppDelegate.m; sourceTree = "<group>"; };
		A69DC397262D160700A4ABF7 /* ViewController.h */ = {isa = PBXFileReference; lastKnownFileType = sourcecode.c.h; path = ViewController.h; sourceTree = "<group>"; };
		A69DC398262D160700A4ABF7 /* ViewController.m */ = {isa = PBXFileReference; lastKnownFileType = sourcecode.c.objc; path = ViewController.m; sourceTree = "<group>"; };
		A69DC39B262D160700A4ABF7 /* Base */ = {isa = PBXFileReference; lastKnownFileType = file.storyboard; name = Base; path = Base.lproj/Main.storyboard; sourceTree = "<group>"; };
		A69DC39D262D160A00A4ABF7 /* Assets.xcassets */ = {isa = PBXFileReference; lastKnownFileType = folder.assetcatalog; path = Assets.xcassets; sourceTree = "<group>"; };
		A69DC3A0262D160A00A4ABF7 /* Base */ = {isa = PBXFileReference; lastKnownFileType = file.storyboard; name = Base; path = Base.lproj/LaunchScreen.storyboard; sourceTree = "<group>"; };
		A69DC3A2262D160A00A4ABF7 /* Info.plist */ = {isa = PBXFileReference; lastKnownFileType = text.plist.xml; path = Info.plist; sourceTree = "<group>"; };
		A69DC3A3262D160A00A4ABF7 /* main.m */ = {isa = PBXFileReference; lastKnownFileType = sourcecode.c.objc; path = main.m; sourceTree = "<group>"; };
		A69DC40C262D50C800A4ABF7 /* ListViewController.h */ = {isa = PBXFileReference; lastKnownFileType = sourcecode.c.h; path = ListViewController.h; sourceTree = "<group>"; };
		A69DC40D262D50C800A4ABF7 /* ListViewController.m */ = {isa = PBXFileReference; lastKnownFileType = sourcecode.c.objc; path = ListViewController.m; sourceTree = "<group>"; };
		A69DC40E262D50C800A4ABF7 /* ListViewController.xib */ = {isa = PBXFileReference; lastKnownFileType = file.xib; path = ListViewController.xib; sourceTree = "<group>"; };
		C971A7862633CAC90099608D /* HNWKeyboardMonitor.h */ = {isa = PBXFileReference; fileEncoding = 4; lastKnownFileType = sourcecode.c.h; path = HNWKeyboardMonitor.h; sourceTree = "<group>"; };
		C971A7872633CAC90099608D /* HNWKeyboardMonitor.m */ = {isa = PBXFileReference; fileEncoding = 4; lastKnownFileType = sourcecode.c.objc; path = HNWKeyboardMonitor.m; sourceTree = "<group>"; };
		C9807CA9264C01EA00AB55F8 /* ATTextView.h */ = {isa = PBXFileReference; lastKnownFileType = sourcecode.c.h; path = ATTextView.h; sourceTree = "<group>"; };
		C9807CAA264C01EA00AB55F8 /* ATTextView.m */ = {isa = PBXFileReference; lastKnownFileType = sourcecode.c.objc; path = ATTextView.m; sourceTree = "<group>"; };
		C9BF91432633E01D005B25DB /* TableViewOCCell.h */ = {isa = PBXFileReference; lastKnownFileType = sourcecode.c.h; path = TableViewOCCell.h; sourceTree = "<group>"; };
		C9BF91442633E01D005B25DB /* TableViewOCCell.m */ = {isa = PBXFileReference; lastKnownFileType = sourcecode.c.objc; path = TableViewOCCell.m; sourceTree = "<group>"; };
		C9BF914B2633E61F005B25DB /* DataModel.h */ = {isa = PBXFileReference; lastKnownFileType = sourcecode.c.h; path = DataModel.h; sourceTree = "<group>"; };
		C9BF914C2633E61F005B25DB /* DataModel.m */ = {isa = PBXFileReference; lastKnownFileType = sourcecode.c.objc; path = DataModel.m; sourceTree = "<group>"; };
/* End PBXFileReference section */

/* Begin PBXFrameworksBuildPhase section */
		A69DC38B262D160700A4ABF7 /* Frameworks */ = {
			isa = PBXFrameworksBuildPhase;
			buildActionMask = 2147483647;
			files = (
			);
			runOnlyForDeploymentPostprocessing = 0;
		};
/* End PBXFrameworksBuildPhase section */

/* Begin PBXGroup section */
		A6159C7C263A95C3007AE312 /* TextViewBinding */ = {
			isa = PBXGroup;
			children = (
				A6159C78263A95A6007AE312 /* ATTextViewBinding.h */,
				A6159C79263A95A6007AE312 /* ATTextViewBinding.m */,
			);
			path = TextViewBinding;
			sourceTree = "<group>";
		};
		A652BEDD264B5DD9002F1904 /* YYText */ = {
			isa = PBXGroup;
			children = (
				A652BEDE264B5DD9002F1904 /* YYText.h */,
				A652BEDF264B5DD9002F1904 /* YYTextView.m */,
				A652BEE0264B5DD9002F1904 /* Component */,
				A652BEF3264B5DD9002F1904 /* YYLabel.m */,
				A652BEF4264B5DD9002F1904 /* YYTextView.h */,
				A652BEF5264B5DD9002F1904 /* String */,
				A652BF00264B5DD9002F1904 /* YYLabel.h */,
				A652BF01264B5DD9002F1904 /* Utility */,
			);
			path = YYText;
			sourceTree = "<group>";
		};
		A652BEE0264B5DD9002F1904 /* Component */ = {
			isa = PBXGroup;
			children = (
				A652BEE1264B5DD9002F1904 /* YYTextSelectionView.h */,
				A652BEE2264B5DD9002F1904 /* YYTextLine.h */,
				A652BEE3264B5DD9002F1904 /* YYTextMagnifier.m */,
				A652BEE4264B5DD9002F1904 /* YYTextLayout.h */,
				A652BEE5264B5DD9002F1904 /* YYTextKeyboardManager.h */,
				A652BEE6264B5DD9002F1904 /* YYTextContainerView.m */,
				A652BEE7264B5DD9002F1904 /* YYTextEffectWindow.m */,
				A652BEE8264B5DD9002F1904 /* YYTextDebugOption.h */,
				A652BEE9264B5DD9002F1904 /* YYTextInput.m */,
				A652BEEA264B5DD9002F1904 /* YYTextLayout.m */,
				A652BEEB264B5DD9002F1904 /* YYTextMagnifier.h */,
				A652BEEC264B5DD9002F1904 /* YYTextLine.m */,
				A652BEED264B5DD9002F1904 /* YYTextSelectionView.m */,
				A652BEEE264B5DD9002F1904 /* YYTextEffectWindow.h */,
				A652BEEF264B5DD9002F1904 /* YYTextContainerView.h */,
				A652BEF0264B5DD9002F1904 /* YYTextKeyboardManager.m */,
				A652BEF1264B5DD9002F1904 /* YYTextInput.h */,
				A652BEF2264B5DD9002F1904 /* YYTextDebugOption.m */,
			);
			path = Component;
			sourceTree = "<group>";
		};
		A652BEF5264B5DD9002F1904 /* String */ = {
			isa = PBXGroup;
			children = (
				A652BEF6264B5DD9002F1904 /* YYTextAttribute.h */,
				A652BEF7264B5DD9002F1904 /* YYTextRunDelegate.m */,
				A652BEF8264B5DD9002F1904 /* YYTextParser.m */,
				A652BEF9264B5DD9002F1904 /* YYTextRubyAnnotation.h */,
				A652BEFA264B5DD9002F1904 /* YYTextArchiver.h */,
				A652BEFB264B5DD9002F1904 /* YYTextRunDelegate.h */,
				A652BEFC264B5DD9002F1904 /* YYTextAttribute.m */,
				A652BEFD264B5DD9002F1904 /* YYTextParser.h */,
				A652BEFE264B5DD9002F1904 /* YYTextArchiver.m */,
				A652BEFF264B5DD9002F1904 /* YYTextRubyAnnotation.m */,
			);
			path = String;
			sourceTree = "<group>";
		};
		A652BF01264B5DD9002F1904 /* Utility */ = {
			isa = PBXGroup;
			children = (
				A652BF02264B5DD9002F1904 /* YYTextUtilities.m */,
				A652BF03264B5DD9002F1904 /* NSParagraphStyle+YYText.m */,
				A652BF04264B5DD9002F1904 /* NSAttributedString+YYText.m */,
				A652BF05264B5DD9002F1904 /* UIView+YYText.h */,
				A652BF06264B5DD9002F1904 /* YYTextTransaction.h */,
				A652BF07264B5DD9002F1904 /* UIPasteboard+YYText.m */,
				A652BF08264B5DD9002F1904 /* YYTextWeakProxy.h */,
				A652BF09264B5DD9002F1904 /* YYTextAsyncLayer.h */,
				A652BF0A264B5DD9002F1904 /* YYTextUtilities.h */,
				A652BF0B264B5DD9002F1904 /* YYTextTransaction.m */,
				A652BF0C264B5DD9002F1904 /* UIView+YYText.m */,
				A652BF0D264B5DD9002F1904 /* NSAttributedString+YYText.h */,
				A652BF0E264B5DD9002F1904 /* NSParagraphStyle+YYText.h */,
				A652BF0F264B5DD9002F1904 /* YYTextAsyncLayer.m */,
				A652BF10264B5DD9002F1904 /* YYTextWeakProxy.m */,
				A652BF11264B5DD9002F1904 /* UIPasteboard+YYText.h */,
			);
			path = Utility;
			sourceTree = "<group>";
		};
		A69DC385262D160700A4ABF7 = {
			isa = PBXGroup;
			children = (
				C9FF3F55264D740300C2D0F9 /* Lib */,
				C9807CBD264C135600AB55F8 /* ATTextView */,
				A69DC390262D160700A4ABF7 /* AtDemo */,
				A69DC38F262D160700A4ABF7 /* Products */,
			);
			sourceTree = "<group>";
		};
		A69DC38F262D160700A4ABF7 /* Products */ = {
			isa = PBXGroup;
			children = (
				A69DC38E262D160700A4ABF7 /* AtDemo(OC).app */,
			);
			name = Products;
			sourceTree = "<group>";
		};
		A69DC390262D160700A4ABF7 /* AtDemo */ = {
			isa = PBXGroup;
			children = (
				A69DC391262D160700A4ABF7 /* AppDelegate.h */,
				A69DC392262D160700A4ABF7 /* AppDelegate.m */,
				A69DC397262D160700A4ABF7 /* ViewController.h */,
				A69DC398262D160700A4ABF7 /* ViewController.m */,
				C9BF91492633E608005B25DB /* Model */,
				C9BF91422633E008005B25DB /* View */,
				C9DFE30D262F20F2001FBAAE /* ListVC */,
				A69DC39A262D160700A4ABF7 /* Main.storyboard */,
				A69DC39D262D160A00A4ABF7 /* Assets.xcassets */,
				A69DC39F262D160A00A4ABF7 /* LaunchScreen.storyboard */,
				A69DC3A2262D160A00A4ABF7 /* Info.plist */,
				A69DC3A3262D160A00A4ABF7 /* main.m */,
			);
			path = AtDemo;
			sourceTree = "<group>";
		};
		C9807CBD264C135600AB55F8 /* ATTextView */ = {
			isa = PBXGroup;
			children = (
				A6159C7C263A95C3007AE312 /* TextViewBinding */,
				C9807CA9264C01EA00AB55F8 /* ATTextView.h */,
				C9807CAA264C01EA00AB55F8 /* ATTextView.m */,
			);
			path = ATTextView;
			sourceTree = "<group>";
		};
		C9BF91422633E008005B25DB /* View */ = {
			isa = PBXGroup;
			children = (
				C9BF91432633E01D005B25DB /* TableViewOCCell.h */,
				C9BF91442633E01D005B25DB /* TableViewOCCell.m */,
				A626901C2658AA1400843209 /* TableViewOCCell.xib */,
			);
			name = View;
			path = SysTextViewVC/View;
			sourceTree = "<group>";
		};
		C9BF91492633E608005B25DB /* Model */ = {
			isa = PBXGroup;
			children = (
				C9BF914B2633E61F005B25DB /* DataModel.h */,
				C9BF914C2633E61F005B25DB /* DataModel.m */,
			);
			name = Model;
			path = SysTextViewVC/Model;
			sourceTree = "<group>";
		};
		C9DFE30C262F20E5001FBAAE /* Model */ = {
			isa = PBXGroup;
			children = (
				A6522620262D731200576F88 /* User.h */,
				A6522621262D731200576F88 /* User.m */,
			);
			path = Model;
			sourceTree = "<group>";
		};
		C9DFE30D262F20F2001FBAAE /* ListVC */ = {
			isa = PBXGroup;
			children = (
				C9DFE30C262F20E5001FBAAE /* Model */,
				A69DC40C262D50C800A4ABF7 /* ListViewController.h */,
				A69DC40D262D50C800A4ABF7 /* ListViewController.m */,
				A69DC40E262D50C800A4ABF7 /* ListViewController.xib */,
			);
			path = ListVC;
			sourceTree = "<group>";
		};
		C9FF3F54264D73F800C2D0F9 /* HNWKeyboardMonitor */ = {
			isa = PBXGroup;
			children = (
				C971A7862633CAC90099608D /* HNWKeyboardMonitor.h */,
				C971A7872633CAC90099608D /* HNWKeyboardMonitor.m */,
			);
			path = HNWKeyboardMonitor;
			sourceTree = "<group>";
		};
		C9FF3F55264D740300C2D0F9 /* Lib */ = {
			isa = PBXGroup;
			children = (
				C9FF3F54264D73F800C2D0F9 /* HNWKeyboardMonitor */,
				A652BEDD264B5DD9002F1904 /* YYText */,
			);
			path = Lib;
			sourceTree = "<group>";
		};
/* End PBXGroup section */

/* Begin PBXNativeTarget section */
		A69DC38D262D160700A4ABF7 /* AtDemo(OC) */ = {
			isa = PBXNativeTarget;
			buildConfigurationList = A69DC3A7262D160A00A4ABF7 /* Build configuration list for PBXNativeTarget "AtDemo(OC)" */;
			buildPhases = (
				A69DC38A262D160700A4ABF7 /* Sources */,
				A69DC38B262D160700A4ABF7 /* Frameworks */,
				A69DC38C262D160700A4ABF7 /* Resources */,
			);
			buildRules = (
			);
			dependencies = (
			);
			name = "AtDemo(OC)";
			productName = AtDemo;
			productReference = A69DC38E262D160700A4ABF7 /* AtDemo(OC).app */;
			productType = "com.apple.product-type.application";
		};
/* End PBXNativeTarget section */

/* Begin PBXProject section */
		A69DC386262D160700A4ABF7 /* Project object */ = {
			isa = PBXProject;
			attributes = {
				LastUpgradeCheck = 1240;
				TargetAttributes = {
					A69DC38D262D160700A4ABF7 = {
						CreatedOnToolsVersion = 12.4;
					};
				};
			};
			buildConfigurationList = A69DC389262D160700A4ABF7 /* Build configuration list for PBXProject "AtDemo(OC)" */;
			compatibilityVersion = "Xcode 9.3";
			developmentRegion = en;
			hasScannedForEncodings = 0;
			knownRegions = (
				en,
				Base,
			);
			mainGroup = A69DC385262D160700A4ABF7;
			productRefGroup = A69DC38F262D160700A4ABF7 /* Products */;
			projectDirPath = "";
			projectRoot = "";
			targets = (
				A69DC38D262D160700A4ABF7 /* AtDemo(OC) */,
			);
		};
/* End PBXProject section */

/* Begin PBXResourcesBuildPhase section */
		A69DC38C262D160700A4ABF7 /* Resources */ = {
			isa = PBXResourcesBuildPhase;
			buildActionMask = 2147483647;
			files = (
				A69DC3A1262D160A00A4ABF7 /* LaunchScreen.storyboard in Resources */,
				A69DC39E262D160A00A4ABF7 /* Assets.xcassets in Resources */,
				A69DC410262D50C800A4ABF7 /* ListViewController.xib in Resources */,
				A69DC39C262D160700A4ABF7 /* Main.storyboard in Resources */,
				A626901D2658AA1400843209 /* TableViewOCCell.xib in Resources */,
			);
			runOnlyForDeploymentPostprocessing = 0;
		};
/* End PBXResourcesBuildPhase section */

/* Begin PBXSourcesBuildPhase section */
		A69DC38A262D160700A4ABF7 /* Sources */ = {
			isa = PBXSourcesBuildPhase;
			buildActionMask = 2147483647;
			files = (
				A6522622262D731200576F88 /* User.m in Sources */,
				A652BF24264B5DD9002F1904 /* NSAttributedString+YYText.m in Sources */,
				A652BF1D264B5DD9002F1904 /* YYTextRunDelegate.m in Sources */,
				A652BF23264B5DD9002F1904 /* NSParagraphStyle+YYText.m in Sources */,
				A652BF28264B5DD9002F1904 /* YYTextAsyncLayer.m in Sources */,
				A652BF13264B5DD9002F1904 /* YYTextMagnifier.m in Sources */,
				A652BF27264B5DD9002F1904 /* UIView+YYText.m in Sources */,
				A69DC399262D160700A4ABF7 /* ViewController.m in Sources */,
				A652BF21264B5DD9002F1904 /* YYTextRubyAnnotation.m in Sources */,
				A652BF1E264B5DD9002F1904 /* YYTextParser.m in Sources */,
				A652BF14264B5DD9002F1904 /* YYTextContainerView.m in Sources */,
				A652BF1B264B5DD9002F1904 /* YYTextDebugOption.m in Sources */,
				A6159C7A263A95A6007AE312 /* ATTextViewBinding.m in Sources */,
				A652BF20264B5DD9002F1904 /* YYTextArchiver.m in Sources */,
				C9BF914D2633E61F005B25DB /* DataModel.m in Sources */,
				A652BF18264B5DD9002F1904 /* YYTextLine.m in Sources */,
				A69DC393262D160700A4ABF7 /* AppDelegate.m in Sources */,
				C971A7882633CAC90099608D /* HNWKeyboardMonitor.m in Sources */,
				A652BF1C264B5DD9002F1904 /* YYLabel.m in Sources */,
				A652BF19264B5DD9002F1904 /* YYTextSelectionView.m in Sources */,
				A69DC40F262D50C800A4ABF7 /* ListViewController.m in Sources */,
				A652BF16264B5DD9002F1904 /* YYTextInput.m in Sources */,
				A652BF12264B5DD9002F1904 /* YYTextView.m in Sources */,
				C9BF91462633E01D005B25DB /* TableViewOCCell.m in Sources */,
				A652BF29264B5DD9002F1904 /* YYTextWeakProxy.m in Sources */,
				A69DC3A4262D160A00A4ABF7 /* main.m in Sources */,
				A652BF1A264B5DD9002F1904 /* YYTextKeyboardManager.m in Sources */,
				A652BF25264B5DD9002F1904 /* UIPasteboard+YYText.m in Sources */,
				A652BF17264B5DD9002F1904 /* YYTextLayout.m in Sources */,
				A652BF26264B5DD9002F1904 /* YYTextTransaction.m in Sources */,
				A652BF22264B5DD9002F1904 /* YYTextUtilities.m in Sources */,
				A652BF15264B5DD9002F1904 /* YYTextEffectWindow.m in Sources */,
				C9807CAB264C01EA00AB55F8 /* ATTextView.m in Sources */,
				A652BF1F264B5DD9002F1904 /* YYTextAttribute.m in Sources */,
			);
			runOnlyForDeploymentPostprocessing = 0;
		};
/* End PBXSourcesBuildPhase section */

/* Begin PBXVariantGroup section */
		A69DC39A262D160700A4ABF7 /* Main.storyboard */ = {
			isa = PBXVariantGroup;
			children = (
				A69DC39B262D160700A4ABF7 /* Base */,
			);
			name = Main.storyboard;
			sourceTree = "<group>";
		};
		A69DC39F262D160A00A4ABF7 /* LaunchScreen.storyboard */ = {
			isa = PBXVariantGroup;
			children = (
				A69DC3A0262D160A00A4ABF7 /* Base */,
			);
			name = LaunchScreen.storyboard;
			sourceTree = "<group>";
		};
/* End PBXVariantGroup section */

/* Begin XCBuildConfiguration section */
		A69DC3A5262D160A00A4ABF7 /* Debug */ = {
			isa = XCBuildConfiguration;
			buildSettings = {
				ALWAYS_SEARCH_USER_PATHS = NO;
				CLANG_ANALYZER_NONNULL = YES;
				CLANG_ANALYZER_NUMBER_OBJECT_CONVERSION = YES_AGGRESSIVE;
				CLANG_CXX_LANGUAGE_STANDARD = "gnu++14";
				CLANG_CXX_LIBRARY = "libc++";
				CLANG_ENABLE_MODULES = YES;
				CLANG_ENABLE_OBJC_ARC = YES;
				CLANG_ENABLE_OBJC_WEAK = YES;
				CLANG_WARN_BLOCK_CAPTURE_AUTORELEASING = YES;
				CLANG_WARN_BOOL_CONVERSION = YES;
				CLANG_WARN_COMMA = YES;
				CLANG_WARN_CONSTANT_CONVERSION = YES;
				CLANG_WARN_DEPRECATED_OBJC_IMPLEMENTATIONS = YES;
				CLANG_WARN_DIRECT_OBJC_ISA_USAGE = YES_ERROR;
				CLANG_WARN_DOCUMENTATION_COMMENTS = YES;
				CLANG_WARN_EMPTY_BODY = YES;
				CLANG_WARN_ENUM_CONVERSION = YES;
				CLANG_WARN_INFINITE_RECURSION = YES;
				CLANG_WARN_INT_CONVERSION = YES;
				CLANG_WARN_NON_LITERAL_NULL_CONVERSION = YES;
				CLANG_WARN_OBJC_IMPLICIT_RETAIN_SELF = YES;
				CLANG_WARN_OBJC_LITERAL_CONVERSION = YES;
				CLANG_WARN_OBJC_ROOT_CLASS = YES_ERROR;
				CLANG_WARN_QUOTED_INCLUDE_IN_FRAMEWORK_HEADER = YES;
				CLANG_WARN_RANGE_LOOP_ANALYSIS = YES;
				CLANG_WARN_STRICT_PROTOTYPES = YES;
				CLANG_WARN_SUSPICIOUS_MOVE = YES;
				CLANG_WARN_UNGUARDED_AVAILABILITY = YES_AGGRESSIVE;
				CLANG_WARN_UNREACHABLE_CODE = YES;
				CLANG_WARN__DUPLICATE_METHOD_MATCH = YES;
				COPY_PHASE_STRIP = NO;
				DEBUG_INFORMATION_FORMAT = dwarf;
				ENABLE_STRICT_OBJC_MSGSEND = YES;
				ENABLE_TESTABILITY = YES;
				GCC_C_LANGUAGE_STANDARD = gnu11;
				GCC_DYNAMIC_NO_PIC = NO;
				GCC_NO_COMMON_BLOCKS = YES;
				GCC_OPTIMIZATION_LEVEL = 0;
				GCC_PREPROCESSOR_DEFINITIONS = (
					"DEBUG=1",
					"$(inherited)",
				);
				GCC_WARN_64_TO_32_BIT_CONVERSION = YES;
				GCC_WARN_ABOUT_RETURN_TYPE = YES_ERROR;
				GCC_WARN_UNDECLARED_SELECTOR = YES;
				GCC_WARN_UNINITIALIZED_AUTOS = YES_AGGRESSIVE;
				GCC_WARN_UNUSED_FUNCTION = YES;
				GCC_WARN_UNUSED_VARIABLE = YES;
				IPHONEOS_DEPLOYMENT_TARGET = 14.4;
				MTL_ENABLE_DEBUG_INFO = INCLUDE_SOURCE;
				MTL_FAST_MATH = YES;
				ONLY_ACTIVE_ARCH = YES;
				SDKROOT = iphoneos;
			};
			name = Debug;
		};
		A69DC3A6262D160A00A4ABF7 /* Release */ = {
			isa = XCBuildConfiguration;
			buildSettings = {
				ALWAYS_SEARCH_USER_PATHS = NO;
				CLANG_ANALYZER_NONNULL = YES;
				CLANG_ANALYZER_NUMBER_OBJECT_CONVERSION = YES_AGGRESSIVE;
				CLANG_CXX_LANGUAGE_STANDARD = "gnu++14";
				CLANG_CXX_LIBRARY = "libc++";
				CLANG_ENABLE_MODULES = YES;
				CLANG_ENABLE_OBJC_ARC = YES;
				CLANG_ENABLE_OBJC_WEAK = YES;
				CLANG_WARN_BLOCK_CAPTURE_AUTORELEASING = YES;
				CLANG_WARN_BOOL_CONVERSION = YES;
				CLANG_WARN_COMMA = YES;
				CLANG_WARN_CONSTANT_CONVERSION = YES;
				CLANG_WARN_DEPRECATED_OBJC_IMPLEMENTATIONS = YES;
				CLANG_WARN_DIRECT_OBJC_ISA_USAGE = YES_ERROR;
				CLANG_WARN_DOCUMENTATION_COMMENTS = YES;
				CLANG_WARN_EMPTY_BODY = YES;
				CLANG_WARN_ENUM_CONVERSION = YES;
				CLANG_WARN_INFINITE_RECURSION = YES;
				CLANG_WARN_INT_CONVERSION = YES;
				CLANG_WARN_NON_LITERAL_NULL_CONVERSION = YES;
				CLANG_WARN_OBJC_IMPLICIT_RETAIN_SELF = YES;
				CLANG_WARN_OBJC_LITERAL_CONVERSION = YES;
				CLANG_WARN_OBJC_ROOT_CLASS = YES_ERROR;
				CLANG_WARN_QUOTED_INCLUDE_IN_FRAMEWORK_HEADER = YES;
				CLANG_WARN_RANGE_LOOP_ANALYSIS = YES;
				CLANG_WARN_STRICT_PROTOTYPES = YES;
				CLANG_WARN_SUSPICIOUS_MOVE = YES;
				CLANG_WARN_UNGUARDED_AVAILABILITY = YES_AGGRESSIVE;
				CLANG_WARN_UNREACHABLE_CODE = YES;
				CLANG_WARN__DUPLICATE_METHOD_MATCH = YES;
				COPY_PHASE_STRIP = NO;
				DEBUG_INFORMATION_FORMAT = "dwarf-with-dsym";
				ENABLE_NS_ASSERTIONS = NO;
				ENABLE_STRICT_OBJC_MSGSEND = YES;
				GCC_C_LANGUAGE_STANDARD = gnu11;
				GCC_NO_COMMON_BLOCKS = YES;
				GCC_WARN_64_TO_32_BIT_CONVERSION = YES;
				GCC_WARN_ABOUT_RETURN_TYPE = YES_ERROR;
				GCC_WARN_UNDECLARED_SELECTOR = YES;
				GCC_WARN_UNINITIALIZED_AUTOS = YES_AGGRESSIVE;
				GCC_WARN_UNUSED_FUNCTION = YES;
				GCC_WARN_UNUSED_VARIABLE = YES;
				IPHONEOS_DEPLOYMENT_TARGET = 14.4;
				MTL_ENABLE_DEBUG_INFO = NO;
				MTL_FAST_MATH = YES;
				SDKROOT = iphoneos;
				VALIDATE_PRODUCT = YES;
			};
			name = Release;
		};
		A69DC3A8262D160A00A4ABF7 /* Debug */ = {
			isa = XCBuildConfiguration;
			buildSettings = {
				ASSETCATALOG_COMPILER_APPICON_NAME = AppIcon;
				ASSETCATALOG_COMPILER_GLOBAL_ACCENT_COLOR_NAME = AccentColor;
				CODE_SIGN_STYLE = Automatic;
				INFOPLIST_FILE = AtDemo/Info.plist;
				IPHONEOS_DEPLOYMENT_TARGET = 9.0;
				LD_RUNPATH_SEARCH_PATHS = (
					"$(inherited)",
					"@executable_path/Frameworks",
				);
				PRODUCT_BUNDLE_IDENTIFIER = com.cnhnb.AtDemo;
				PRODUCT_NAME = "$(TARGET_NAME)";
				TARGETED_DEVICE_FAMILY = "1,2";
			};
			name = Debug;
		};
		A69DC3A9262D160A00A4ABF7 /* Release */ = {
			isa = XCBuildConfiguration;
			buildSettings = {
				ASSETCATALOG_COMPILER_APPICON_NAME = AppIcon;
				ASSETCATALOG_COMPILER_GLOBAL_ACCENT_COLOR_NAME = AccentColor;
				CODE_SIGN_STYLE = Automatic;
				INFOPLIST_FILE = AtDemo/Info.plist;
				IPHONEOS_DEPLOYMENT_TARGET = 9.0;
				LD_RUNPATH_SEARCH_PATHS = (
					"$(inherited)",
					"@executable_path/Frameworks",
				);
				PRODUCT_BUNDLE_IDENTIFIER = com.cnhnb.AtDemo;
				PRODUCT_NAME = "$(TARGET_NAME)";
				TARGETED_DEVICE_FAMILY = "1,2";
			};
			name = Release;
		};
/* End XCBuildConfiguration section */

/* Begin XCConfigurationList section */
		A69DC389262D160700A4ABF7 /* Build configuration list for PBXProject "AtDemo(OC)" */ = {
			isa = XCConfigurationList;
			buildConfigurations = (
				A69DC3A5262D160A00A4ABF7 /* Debug */,
				A69DC3A6262D160A00A4ABF7 /* Release */,
			);
			defaultConfigurationIsVisible = 0;
			defaultConfigurationName = Release;
		};
		A69DC3A7262D160A00A4ABF7 /* Build configuration list for PBXNativeTarget "AtDemo(OC)" */ = {
			isa = XCConfigurationList;
			buildConfigurations = (
				A69DC3A8262D160A00A4ABF7 /* Debug */,
				A69DC3A9262D160A00A4ABF7 /* Release */,
			);
			defaultConfigurationIsVisible = 0;
			defaultConfigurationName = Release;
		};
/* End XCConfigurationList section */
	};
	rootObject = A69DC386262D160700A4ABF7 /* Project object */;
}
