// !$*UTF8*$!
{
	archiveVersion = 1;
	classes = {
	};
	objectVersion = 50;
	objects = {

/* Begin PBXBuildFile section */
		C99AF3452650D09700317970 /* Extension_String.swift in Sources */ = {isa = PBXBuildFile; fileRef = C99AF3442650D09700317970 /* Extension_String.swift */; };
		C9A1134D264FFC6B00A0F05F /* AppDelegate.swift in Sources */ = {isa = PBXBuildFile; fileRef = C9A1134C264FFC6B00A0F05F /* AppDelegate.swift */; };
		C9A1134F264FFC6B00A0F05F /* SceneDelegate.swift in Sources */ = {isa = PBXBuildFile; fileRef = C9A1134E264FFC6B00A0F05F /* SceneDelegate.swift */; };
		C9A11351264FFC6B00A0F05F /* ViewController.swift in Sources */ = {isa = PBXBuildFile; fileRef = C9A11350264FFC6B00A0F05F /* ViewController.swift */; };
		C9A11354264FFC6B00A0F05F /* Main.storyboard in Resources */ = {isa = PBXBuildFile; fileRef = C9A11352264FFC6B00A0F05F /* Main.storyboard */; };
		C9A11356264FFC6E00A0F05F /* Assets.xcassets in Resources */ = {isa = PBXBuildFile; fileRef = C9A11355264FFC6E00A0F05F /* Assets.xcassets */; };
		C9A11359264FFC6E00A0F05F /* LaunchScreen.storyboard in Resources */ = {isa = PBXBuildFile; fileRef = C9A11357264FFC6E00A0F05F /* LaunchScreen.storyboard */; };
		C9A11362264FFC9500A0F05F /* ATTextView.swift in Sources */ = {isa = PBXBuildFile; fileRef = C9A11361264FFC9500A0F05F /* ATTextView.swift */; };
		C9A113652650099F00A0F05F /* TextViewBinding.swift in Sources */ = {isa = PBXBuildFile; fileRef = C9A113642650099F00A0F05F /* TextViewBinding.swift */; };
/* End PBXBuildFile section */

/* Begin PBXFileReference section */
		C99AF3442650D09700317970 /* Extension_String.swift */ = {isa = PBXFileReference; lastKnownFileType = sourcecode.swift; path = Extension_String.swift; sourceTree = "<group>"; };
		C9A11349264FFC6B00A0F05F /* ATDemo(Swift).app */ = {isa = PBXFileReference; explicitFileType = wrapper.application; includeInIndex = 0; path = "ATDemo(Swift).app"; sourceTree = BUILT_PRODUCTS_DIR; };
		C9A1134C264FFC6B00A0F05F /* AppDelegate.swift */ = {isa = PBXFileReference; lastKnownFileType = sourcecode.swift; path = AppDelegate.swift; sourceTree = "<group>"; };
		C9A1134E264FFC6B00A0F05F /* SceneDelegate.swift */ = {isa = PBXFileReference; lastKnownFileType = sourcecode.swift; path = SceneDelegate.swift; sourceTree = "<group>"; };
		C9A11350264FFC6B00A0F05F /* ViewController.swift */ = {isa = PBXFileReference; lastKnownFileType = sourcecode.swift; path = ViewController.swift; sourceTree = "<group>"; };
		C9A11353264FFC6B00A0F05F /* Base */ = {isa = PBXFileReference; lastKnownFileType = file.storyboard; name = Base; path = Base.lproj/Main.storyboard; sourceTree = "<group>"; };
		C9A11355264FFC6E00A0F05F /* Assets.xcassets */ = {isa = PBXFileReference; lastKnownFileType = folder.assetcatalog; path = Assets.xcassets; sourceTree = "<group>"; };
		C9A11358264FFC6E00A0F05F /* Base */ = {isa = PBXFileReference; lastKnownFileType = file.storyboard; name = Base; path = Base.lproj/LaunchScreen.storyboard; sourceTree = "<group>"; };
		C9A1135A264FFC6E00A0F05F /* Info.plist */ = {isa = PBXFileReference; lastKnownFileType = text.plist.xml; path = Info.plist; sourceTree = "<group>"; };
		C9A11361264FFC9500A0F05F /* ATTextView.swift */ = {isa = PBXFileReference; lastKnownFileType = sourcecode.swift; path = ATTextView.swift; sourceTree = "<group>"; };
		C9A113642650099F00A0F05F /* TextViewBinding.swift */ = {isa = PBXFileReference; lastKnownFileType = sourcecode.swift; path = TextViewBinding.swift; sourceTree = "<group>"; };
/* End PBXFileReference section */

/* Begin PBXFrameworksBuildPhase section */
		C9A11346264FFC6B00A0F05F /* Frameworks */ = {
			isa = PBXFrameworksBuildPhase;
			buildActionMask = 2147483647;
			files = (
			);
			runOnlyForDeploymentPostprocessing = 0;
		};
/* End PBXFrameworksBuildPhase section */

/* Begin PBXGroup section */
		C9A11340264FFC6B00A0F05F = {
			isa = PBXGroup;
			children = (
				C9A1134B264FFC6B00A0F05F /* ATDemo */,
				C9A1134A264FFC6B00A0F05F /* Products */,
			);
			sourceTree = "<group>";
		};
		C9A1134A264FFC6B00A0F05F /* Products */ = {
			isa = PBXGroup;
			children = (
				C9A11349264FFC6B00A0F05F /* ATDemo(Swift).app */,
			);
			name = Products;
			sourceTree = "<group>";
		};
		C9A1134B264FFC6B00A0F05F /* ATDemo */ = {
			isa = PBXGroup;
			children = (
				C9A1134C264FFC6B00A0F05F /* AppDelegate.swift */,
				C9A1134E264FFC6B00A0F05F /* SceneDelegate.swift */,
				C9A11350264FFC6B00A0F05F /* ViewController.swift */,
				C99AF3442650D09700317970 /* Extension_String.swift */,
				C9A11361264FFC9500A0F05F /* ATTextView.swift */,
				C9A113642650099F00A0F05F /* TextViewBinding.swift */,
				C9A11352264FFC6B00A0F05F /* Main.storyboard */,
				C9A11355264FFC6E00A0F05F /* Assets.xcassets */,
				C9A11357264FFC6E00A0F05F /* LaunchScreen.storyboard */,
				C9A1135A264FFC6E00A0F05F /* Info.plist */,
			);
			path = ATDemo;
			sourceTree = "<group>";
		};
/* End PBXGroup section */

/* Begin PBXNativeTarget section */
		C9A11348264FFC6B00A0F05F /* ATDemo(Swift) */ = {
			isa = PBXNativeTarget;
			buildConfigurationList = C9A1135D264FFC6E00A0F05F /* Build configuration list for PBXNativeTarget "ATDemo(Swift)" */;
			buildPhases = (
				C9A11345264FFC6B00A0F05F /* Sources */,
				C9A11346264FFC6B00A0F05F /* Frameworks */,
				C9A11347264FFC6B00A0F05F /* Resources */,
			);
			buildRules = (
			);
			dependencies = (
			);
			name = "ATDemo(Swift)";
			productName = ATDemo;
			productReference = C9A11349264FFC6B00A0F05F /* ATDemo(Swift).app */;
			productType = "com.apple.product-type.application";
		};
/* End PBXNativeTarget section */

/* Begin PBXProject section */
		C9A11341264FFC6B00A0F05F /* Project object */ = {
			isa = PBXProject;
			attributes = {
				LastSwiftUpdateCheck = 1240;
				LastUpgradeCheck = 1240;
				TargetAttributes = {
					C9A11348264FFC6B00A0F05F = {
						CreatedOnToolsVersion = 12.4;
					};
				};
			};
			buildConfigurationList = C9A11344264FFC6B00A0F05F /* Build configuration list for PBXProject "ATDemo(Swift)" */;
			compatibilityVersion = "Xcode 9.3";
			developmentRegion = en;
			hasScannedForEncodings = 0;
			knownRegions = (
				en,
				Base,
			);
			mainGroup = C9A11340264FFC6B00A0F05F;
			productRefGroup = C9A1134A264FFC6B00A0F05F /* Products */;
			projectDirPath = "";
			projectRoot = "";
			targets = (
				C9A11348264FFC6B00A0F05F /* ATDemo(Swift) */,
			);
		};
/* End PBXProject section */

/* Begin PBXResourcesBuildPhase section */
		C9A11347264FFC6B00A0F05F /* Resources */ = {
			isa = PBXResourcesBuildPhase;
			buildActionMask = 2147483647;
			files = (
				C9A11359264FFC6E00A0F05F /* LaunchScreen.storyboard in Resources */,
				C9A11356264FFC6E00A0F05F /* Assets.xcassets in Resources */,
				C9A11354264FFC6B00A0F05F /* Main.storyboard in Resources */,
			);
			runOnlyForDeploymentPostprocessing = 0;
		};
/* End PBXResourcesBuildPhase section */

/* Begin PBXSourcesBuildPhase section */
		C9A11345264FFC6B00A0F05F /* Sources */ = {
			isa = PBXSourcesBuildPhase;
			buildActionMask = 2147483647;
			files = (
				C9A11362264FFC9500A0F05F /* ATTextView.swift in Sources */,
				C9A11351264FFC6B00A0F05F /* ViewController.swift in Sources */,
				C9A1134D264FFC6B00A0F05F /* AppDelegate.swift in Sources */,
				C9A113652650099F00A0F05F /* TextViewBinding.swift in Sources */,
				C99AF3452650D09700317970 /* Extension_String.swift in Sources */,
				C9A1134F264FFC6B00A0F05F /* SceneDelegate.swift in Sources */,
			);
			runOnlyForDeploymentPostprocessing = 0;
		};
/* End PBXSourcesBuildPhase section */

/* Begin PBXVariantGroup section */
		C9A11352264FFC6B00A0F05F /* Main.storyboard */ = {
			isa = PBXVariantGroup;
			children = (
				C9A11353264FFC6B00A0F05F /* Base */,
			);
			name = Main.storyboard;
			sourceTree = "<group>";
		};
		C9A11357264FFC6E00A0F05F /* LaunchScreen.storyboard */ = {
			isa = PBXVariantGroup;
			children = (
				C9A11358264FFC6E00A0F05F /* Base */,
			);
			name = LaunchScreen.storyboard;
			sourceTree = "<group>";
		};
/* End PBXVariantGroup section */

/* Begin XCBuildConfiguration section */
		C9A1135B264FFC6E00A0F05F /* Debug */ = {
			isa = XCBuildConfiguration;
			buildSettings = {
				ALWAYS_SEARCH_USER_PATHS = NO;
				CLANG_ANALYZER_NONNULL = YES;
				CLANG_ANALYZER_NUMBER_OBJECT_CONVERSION = YES_AGGRESSIVE;
				CLANG_CXX_LANGUAGE_STANDARD = "gnu++14";
				CLANG_CXX_LIBRARY = "libc++";
				CLANG_ENABLE_MODULES = YES;
				CLANG_ENABLE_OBJC_ARC = YES;
				CLANG_ENABLE_OBJC_WEAK = YES;
				CLANG_WARN_BLOCK_CAPTURE_AUTORELEASING = YES;
				CLANG_WARN_BOOL_CONVERSION = YES;
				CLANG_WARN_COMMA = YES;
				CLANG_WARN_CONSTANT_CONVERSION = YES;
				CLANG_WARN_DEPRECATED_OBJC_IMPLEMENTATIONS = YES;
				CLANG_WARN_DIRECT_OBJC_ISA_USAGE = YES_ERROR;
				CLANG_WARN_DOCUMENTATION_COMMENTS = YES;
				CLANG_WARN_EMPTY_BODY = YES;
				CLANG_WARN_ENUM_CONVERSION = YES;
				CLANG_WARN_INFINITE_RECURSION = YES;
				CLANG_WARN_INT_CONVERSION = YES;
				CLANG_WARN_NON_LITERAL_NULL_CONVERSION = YES;
				CLANG_WARN_OBJC_IMPLICIT_RETAIN_SELF = YES;
				CLANG_WARN_OBJC_LITERAL_CONVERSION = YES;
				CLANG_WARN_OBJC_ROOT_CLASS = YES_ERROR;
				CLANG_WARN_QUOTED_INCLUDE_IN_FRAMEWORK_HEADER = YES;
				CLANG_WARN_RANGE_LOOP_ANALYSIS = YES;
				CLANG_WARN_STRICT_PROTOTYPES = YES;
				CLANG_WARN_SUSPICIOUS_MOVE = YES;
				CLANG_WARN_UNGUARDED_AVAILABILITY = YES_AGGRESSIVE;
				CLANG_WARN_UNREACHABLE_CODE = YES;
				CLANG_WARN__DUPLICATE_METHOD_MATCH = YES;
				COPY_PHASE_STRIP = NO;
				DEBUG_INFORMATION_FORMAT = dwarf;
				ENABLE_STRICT_OBJC_MSGSEND = YES;
				ENABLE_TESTABILITY = YES;
				GCC_C_LANGUAGE_STANDARD = gnu11;
				GCC_DYNAMIC_NO_PIC = NO;
				GCC_NO_COMMON_BLOCKS = YES;
				GCC_OPTIMIZATION_LEVEL = 0;
				GCC_PREPROCESSOR_DEFINITIONS = (
					"DEBUG=1",
					"$(inherited)",
				);
				GCC_WARN_64_TO_32_BIT_CONVERSION = YES;
				GCC_WARN_ABOUT_RETURN_TYPE = YES_ERROR;
				GCC_WARN_UNDECLARED_SELECTOR = YES;
				GCC_WARN_UNINITIALIZED_AUTOS = YES_AGGRESSIVE;
				GCC_WARN_UNUSED_FUNCTION = YES;
				GCC_WARN_UNUSED_VARIABLE = YES;
				IPHONEOS_DEPLOYMENT_TARGET = 14.4;
				MTL_ENABLE_DEBUG_INFO = INCLUDE_SOURCE;
				MTL_FAST_MATH = YES;
				ONLY_ACTIVE_ARCH = YES;
				SDKROOT = iphoneos;
				SWIFT_ACTIVE_COMPILATION_CONDITIONS = DEBUG;
				SWIFT_OPTIMIZATION_LEVEL = "-Onone";
			};
			name = Debug;
		};
		C9A1135C264FFC6E00A0F05F /* Release */ = {
			isa = XCBuildConfiguration;
			buildSettings = {
				ALWAYS_SEARCH_USER_PATHS = NO;
				CLANG_ANALYZER_NONNULL = YES;
				CLANG_ANALYZER_NUMBER_OBJECT_CONVERSION = YES_AGGRESSIVE;
				CLANG_CXX_LANGUAGE_STANDARD = "gnu++14";
				CLANG_CXX_LIBRARY = "libc++";
				CLANG_ENABLE_MODULES = YES;
				CLANG_ENABLE_OBJC_ARC = YES;
				CLANG_ENABLE_OBJC_WEAK = YES;
				CLANG_WARN_BLOCK_CAPTURE_AUTORELEASING = YES;
				CLANG_WARN_BOOL_CONVERSION = YES;
				CLANG_WARN_COMMA = YES;
				CLANG_WARN_CONSTANT_CONVERSION = YES;
				CLANG_WARN_DEPRECATED_OBJC_IMPLEMENTATIONS = YES;
				CLANG_WARN_DIRECT_OBJC_ISA_USAGE = YES_ERROR;
				CLANG_WARN_DOCUMENTATION_COMMENTS = YES;
				CLANG_WARN_EMPTY_BODY = YES;
				CLANG_WARN_ENUM_CONVERSION = YES;
				CLANG_WARN_INFINITE_RECURSION = YES;
				CLANG_WARN_INT_CONVERSION = YES;
				CLANG_WARN_NON_LITERAL_NULL_CONVERSION = YES;
				CLANG_WARN_OBJC_IMPLICIT_RETAIN_SELF = YES;
				CLANG_WARN_OBJC_LITERAL_CONVERSION = YES;
				CLANG_WARN_OBJC_ROOT_CLASS = YES_ERROR;
				CLANG_WARN_QUOTED_INCLUDE_IN_FRAMEWORK_HEADER = YES;
				CLANG_WARN_RANGE_LOOP_ANALYSIS = YES;
				CLANG_WARN_STRICT_PROTOTYPES = YES;
				CLANG_WARN_SUSPICIOUS_MOVE = YES;
				CLANG_WARN_UNGUARDED_AVAILABILITY = YES_AGGRESSIVE;
				CLANG_WARN_UNREACHABLE_CODE = YES;
				CLANG_WARN__DUPLICATE_METHOD_MATCH = YES;
				COPY_PHASE_STRIP = NO;
				DEBUG_INFORMATION_FORMAT = "dwarf-with-dsym";
				ENABLE_NS_ASSERTIONS = NO;
				ENABLE_STRICT_OBJC_MSGSEND = YES;
				GCC_C_LANGUAGE_STANDARD = gnu11;
				GCC_NO_COMMON_BLOCKS = YES;
				GCC_WARN_64_TO_32_BIT_CONVERSION = YES;
				GCC_WARN_ABOUT_RETURN_TYPE = YES_ERROR;
				GCC_WARN_UNDECLARED_SELECTOR = YES;
				GCC_WARN_UNINITIALIZED_AUTOS = YES_AGGRESSIVE;
				GCC_WARN_UNUSED_FUNCTION = YES;
				GCC_WARN_UNUSED_VARIABLE = YES;
				IPHONEOS_DEPLOYMENT_TARGET = 14.4;
				MTL_ENABLE_DEBUG_INFO = NO;
				MTL_FAST_MATH = YES;
				SDKROOT = iphoneos;
				SWIFT_COMPILATION_MODE = wholemodule;
				SWIFT_OPTIMIZATION_LEVEL = "-O";
				VALIDATE_PRODUCT = YES;
			};
			name = Release;
		};
		C9A1135E264FFC6E00A0F05F /* Debug */ = {
			isa = XCBuildConfiguration;
			buildSettings = {
				ASSETCATALOG_COMPILER_APPICON_NAME = AppIcon;
				ASSETCATALOG_COMPILER_GLOBAL_ACCENT_COLOR_NAME = AccentColor;
				CODE_SIGN_STYLE = Automatic;
				DEVELOPMENT_TEAM = QM32T3R7FX;
				INFOPLIST_FILE = ATDemo/Info.plist;
				LD_RUNPATH_SEARCH_PATHS = (
					"$(inherited)",
					"@executable_path/Frameworks",
				);
				PRODUCT_BUNDLE_IDENTIFIER = com.xwh.ATDemo;
				PRODUCT_NAME = "$(TARGET_NAME)";
				SWIFT_VERSION = 5.0;
				TARGETED_DEVICE_FAMILY = 1;
			};
			name = Debug;
		};
		C9A1135F264FFC6E00A0F05F /* Release */ = {
			isa = XCBuildConfiguration;
			buildSettings = {
				ASSETCATALOG_COMPILER_APPICON_NAME = AppIcon;
				ASSETCATALOG_COMPILER_GLOBAL_ACCENT_COLOR_NAME = AccentColor;
				CODE_SIGN_STYLE = Automatic;
				DEVELOPMENT_TEAM = QM32T3R7FX;
				INFOPLIST_FILE = ATDemo/Info.plist;
				LD_RUNPATH_SEARCH_PATHS = (
					"$(inherited)",
					"@executable_path/Frameworks",
				);
				PRODUCT_BUNDLE_IDENTIFIER = com.xwh.ATDemo;
				PRODUCT_NAME = "$(TARGET_NAME)";
				SWIFT_VERSION = 5.0;
				TARGETED_DEVICE_FAMILY = 1;
			};
			name = Release;
		};
/* End XCBuildConfiguration section */

/* Begin XCConfigurationList section */
		C9A11344264FFC6B00A0F05F /* Build configuration list for PBXProject "ATDemo(Swift)" */ = {
			isa = XCConfigurationList;
			buildConfigurations = (
				C9A1135B264FFC6E00A0F05F /* Debug */,
				C9A1135C264FFC6E00A0F05F /* Release */,
			);
			defaultConfigurationIsVisible = 0;
			defaultConfigurationName = Release;
		};
		C9A1135D264FFC6E00A0F05F /* Build configuration list for PBXNativeTarget "ATDemo(Swift)" */ = {
			isa = XCConfigurationList;
			buildConfigurations = (
				C9A1135E264FFC6E00A0F05F /* Debug */,
				C9A1135F264FFC6E00A0F05F /* Release */,
			);
			defaultConfigurationIsVisible = 0;
			defaultConfigurationName = Release;
		};
/* End XCConfigurationList section */
	};
	rootObject = C9A11341264FFC6B00A0F05F /* Project object */;
}
